// !$*UTF8*$!
{
	archiveVersion = 1;
	classes = {
	};
	objectVersion = 56;
	objects = {

/* Begin PBXBuildFile section */
		3801AE1B2A8A52070069B136 /* LottieUIURL.swift in Sources */ = {isa = PBXBuildFile; fileRef = 3801AE1A2A8A52070069B136 /* LottieUIURL.swift */; };
		3801AE202A8C8A830069B136 /* OTP.json in Resources */ = {isa = PBXBuildFile; fileRef = 3801AE1F2A8C8A830069B136 /* OTP.json */; };
		3801AE222A8C8BD70069B136 /* Call.json in Resources */ = {isa = PBXBuildFile; fileRef = 3801AE212A8C8BD70069B136 /* Call.json */; };
		3801AE242A8C90970069B136 /* Msg.json in Resources */ = {isa = PBXBuildFile; fileRef = 3801AE232A8C90970069B136 /* Msg.json */; };
		3801AE262A8C9A840069B136 /* Order.json in Resources */ = {isa = PBXBuildFile; fileRef = 3801AE252A8C9A840069B136 /* Order.json */; };
		3801AE282A8E17C80069B136 /* APIClient.swift in Sources */ = {isa = PBXBuildFile; fileRef = 3801AE272A8E17C80069B136 /* APIClient.swift */; };
		3801AE2A2A8E551A0069B136 /* Phonering.json in Resources */ = {isa = PBXBuildFile; fileRef = 3801AE292A8E551A0069B136 /* Phonering.json */; };
		384CB6F52A9608D4009439E5 /* VisitData.swift in Sources */ = {isa = PBXBuildFile; fileRef = 384CB6F42A9608D4009439E5 /* VisitData.swift */; };
		384CB6F92A98A261009439E5 /* LoaderMsg.swift in Sources */ = {isa = PBXBuildFile; fileRef = 384CB6F82A98A261009439E5 /* LoaderMsg.swift */; };
		384CB6FB2A98A905009439E5 /* order Submite.json in Resources */ = {isa = PBXBuildFile; fileRef = 384CB6FA2A98A905009439E5 /* order Submite.json */; };
		384CB6FD2A98AE90009439E5 /* NetworkMonitor.swift in Sources */ = {isa = PBXBuildFile; fileRef = 384CB6FC2A98AE90009439E5 /* NetworkMonitor.swift */; };
		384CB6FF2A98B20A009439E5 /* LocationService.swift in Sources */ = {isa = PBXBuildFile; fileRef = 384CB6FE2A98B20A009439E5 /* LocationService.swift */; };
		384CB7012A98B5B1009439E5 /* Loctionfile.swift in Sources */ = {isa = PBXBuildFile; fileRef = 384CB7002A98B5B1009439E5 /* Loctionfile.swift */; };
		38595AE72A8A3DFB005EB704 /* LottieUIView.swift in Sources */ = {isa = PBXBuildFile; fileRef = 38595AE62A8A3DFB005EB704 /* LottieUIView.swift */; };
		387E0E7B2A84F7C000FEACBA /* Alamofire in Frameworks */ = {isa = PBXBuildFile; productRef = 387E0E7A2A84F7C000FEACBA /* Alamofire */; };
		387E0E7E2A85F5CF00FEACBA /* SimpleToast in Frameworks */ = {isa = PBXBuildFile; productRef = 387E0E7D2A85F5CF00FEACBA /* SimpleToast */; };
		387E0E852A85F7A600FEACBA /* Showtoast.swift in Sources */ = {isa = PBXBuildFile; fileRef = 387E0E842A85F7A600FEACBA /* Showtoast.swift */; };
		38A3AECA2A8A1EFF00A4C826 /* Lottie in Frameworks */ = {isa = PBXBuildFile; productRef = 38A3AEC92A8A1EFF00A4C826 /* Lottie */; };
		38B5FB8E2A94E9B100565B9F /* Nedata.swift in Sources */ = {isa = PBXBuildFile; fileRef = 38B5FB8D2A94E9B100565B9F /* Nedata.swift */; };
		38C0994B2A8399F4003A7290 /* Testing File.swift in Sources */ = {isa = PBXBuildFile; fileRef = 38C0994A2A8399F4003A7290 /* Testing File.swift */; };
		38CADF362A810D9700842DC9 /* Order.swift in Sources */ = {isa = PBXBuildFile; fileRef = 38CADF352A810D9700842DC9 /* Order.swift */; };
		38CFA27B2A7CDEFB00FE5F51 /* HomePage.swift in Sources */ = {isa = PBXBuildFile; fileRef = 38CFA27A2A7CDEFB00FE5F51 /* HomePage.swift */; };
		38CFA27F2A7CFA4F00FE5F51 /* OTPVerify.swift in Sources */ = {isa = PBXBuildFile; fileRef = 38CFA27E2A7CFA4F00FE5F51 /* OTPVerify.swift */; };
		38EEBC5B2A7A255F00AEF032 /* Sales_OrderApp.swift in Sources */ = {isa = PBXBuildFile; fileRef = 38EEBC5A2A7A255F00AEF032 /* Sales_OrderApp.swift */; };
		38EEBC5D2A7A255F00AEF032 /* ContentView.swift in Sources */ = {isa = PBXBuildFile; fileRef = 38EEBC5C2A7A255F00AEF032 /* ContentView.swift */; };
		38EEBC5F2A7A256000AEF032 /* Assets.xcassets in Resources */ = {isa = PBXBuildFile; fileRef = 38EEBC5E2A7A256000AEF032 /* Assets.xcassets */; };
		38EEBC622A7A256000AEF032 /* Preview Assets.xcassets in Resources */ = {isa = PBXBuildFile; fileRef = 38EEBC612A7A256000AEF032 /* Preview Assets.xcassets */; };
		38EEBC6C2A7A256000AEF032 /* Sales_OrderTests.swift in Sources */ = {isa = PBXBuildFile; fileRef = 38EEBC6B2A7A256000AEF032 /* Sales_OrderTests.swift */; };
		38EEBC762A7A256000AEF032 /* Sales_OrderUITests.swift in Sources */ = {isa = PBXBuildFile; fileRef = 38EEBC752A7A256000AEF032 /* Sales_OrderUITests.swift */; };
		38EEBC782A7A256000AEF032 /* Sales_OrderUITestsLaunchTests.swift in Sources */ = {isa = PBXBuildFile; fileRef = 38EEBC772A7A256000AEF032 /* Sales_OrderUITestsLaunchTests.swift */; };
		38EEBCC52A7A663200AEF032 /* Launch Screen.storyboard in Resources */ = {isa = PBXBuildFile; fileRef = 38EEBCC42A7A663200AEF032 /* Launch Screen.storyboard */; };
/* End PBXBuildFile section */

/* Begin PBXContainerItemProxy section */
		38EEBC682A7A256000AEF032 /* PBXContainerItemProxy */ = {
			isa = PBXContainerItemProxy;
			containerPortal = 38EEBC4F2A7A255F00AEF032 /* Project object */;
			proxyType = 1;
			remoteGlobalIDString = 38EEBC562A7A255F00AEF032;
			remoteInfo = "Sales Order";
		};
		38EEBC722A7A256000AEF032 /* PBXContainerItemProxy */ = {
			isa = PBXContainerItemProxy;
			containerPortal = 38EEBC4F2A7A255F00AEF032 /* Project object */;
			proxyType = 1;
			remoteGlobalIDString = 38EEBC562A7A255F00AEF032;
			remoteInfo = "Sales Order";
		};
/* End PBXContainerItemProxy section */

/* Begin PBXFileReference section */
		3801AE1A2A8A52070069B136 /* LottieUIURL.swift */ = {isa = PBXFileReference; lastKnownFileType = sourcecode.swift; path = LottieUIURL.swift; sourceTree = "<group>"; };
		3801AE1F2A8C8A830069B136 /* OTP.json */ = {isa = PBXFileReference; fileEncoding = 4; lastKnownFileType = text.json; name = OTP.json; path = ../../../UI/OTP.json; sourceTree = "<group>"; };
		3801AE212A8C8BD70069B136 /* Call.json */ = {isa = PBXFileReference; fileEncoding = 4; lastKnownFileType = text.json; name = Call.json; path = ../../../UI/Call.json; sourceTree = "<group>"; };
		3801AE232A8C90970069B136 /* Msg.json */ = {isa = PBXFileReference; fileEncoding = 4; lastKnownFileType = text.json; name = Msg.json; path = ../../../UI/Msg.json; sourceTree = "<group>"; };
		3801AE252A8C9A840069B136 /* Order.json */ = {isa = PBXFileReference; fileEncoding = 4; lastKnownFileType = text.json; name = Order.json; path = ../../../UI/Order.json; sourceTree = "<group>"; };
		3801AE272A8E17C80069B136 /* APIClient.swift */ = {isa = PBXFileReference; lastKnownFileType = sourcecode.swift; path = APIClient.swift; sourceTree = "<group>"; };
		3801AE292A8E551A0069B136 /* Phonering.json */ = {isa = PBXFileReference; fileEncoding = 4; lastKnownFileType = text.json; name = Phonering.json; path = ../../../UI/Phonering.json; sourceTree = "<group>"; };
		384CB6F42A9608D4009439E5 /* VisitData.swift */ = {isa = PBXFileReference; lastKnownFileType = sourcecode.swift; path = VisitData.swift; sourceTree = "<group>"; };
		384CB6F82A98A261009439E5 /* LoaderMsg.swift */ = {isa = PBXFileReference; lastKnownFileType = sourcecode.swift; path = LoaderMsg.swift; sourceTree = "<group>"; };
		384CB6FA2A98A905009439E5 /* order Submite.json */ = {isa = PBXFileReference; fileEncoding = 4; lastKnownFileType = text.json; name = "order Submite.json"; path = "../../../UI/order Submite.json"; sourceTree = "<group>"; };
		384CB6FC2A98AE90009439E5 /* NetworkMonitor.swift */ = {isa = PBXFileReference; lastKnownFileType = sourcecode.swift; path = NetworkMonitor.swift; sourceTree = "<group>"; };
		384CB6FE2A98B20A009439E5 /* LocationService.swift */ = {isa = PBXFileReference; lastKnownFileType = sourcecode.swift; path = LocationService.swift; sourceTree = "<group>"; };
		384CB7002A98B5B1009439E5 /* Loctionfile.swift */ = {isa = PBXFileReference; lastKnownFileType = sourcecode.swift; path = Loctionfile.swift; sourceTree = "<group>"; };
		38595AE62A8A3DFB005EB704 /* LottieUIView.swift */ = {isa = PBXFileReference; lastKnownFileType = sourcecode.swift; path = LottieUIView.swift; sourceTree = "<group>"; };
		387E0E842A85F7A600FEACBA /* Showtoast.swift */ = {isa = PBXFileReference; lastKnownFileType = sourcecode.swift; path = Showtoast.swift; sourceTree = "<group>"; };
		38B5FB8D2A94E9B100565B9F /* Nedata.swift */ = {isa = PBXFileReference; lastKnownFileType = sourcecode.swift; path = Nedata.swift; sourceTree = "<group>"; };
		38C0994A2A8399F4003A7290 /* Testing File.swift */ = {isa = PBXFileReference; lastKnownFileType = sourcecode.swift; path = "Testing File.swift"; sourceTree = "<group>"; };
		38CADF352A810D9700842DC9 /* Order.swift */ = {isa = PBXFileReference; lastKnownFileType = sourcecode.swift; path = Order.swift; sourceTree = "<group>"; };
		38CFA27A2A7CDEFB00FE5F51 /* HomePage.swift */ = {isa = PBXFileReference; lastKnownFileType = sourcecode.swift; path = HomePage.swift; sourceTree = "<group>"; };
		38CFA27E2A7CFA4F00FE5F51 /* OTPVerify.swift */ = {isa = PBXFileReference; lastKnownFileType = sourcecode.swift; path = OTPVerify.swift; sourceTree = "<group>"; };
		38EEBC572A7A255F00AEF032 /* Sales Order.app */ = {isa = PBXFileReference; explicitFileType = wrapper.application; includeInIndex = 0; path = "Sales Order.app"; sourceTree = BUILT_PRODUCTS_DIR; };
		38EEBC5A2A7A255F00AEF032 /* Sales_OrderApp.swift */ = {isa = PBXFileReference; lastKnownFileType = sourcecode.swift; path = Sales_OrderApp.swift; sourceTree = "<group>"; };
		38EEBC5C2A7A255F00AEF032 /* ContentView.swift */ = {isa = PBXFileReference; lastKnownFileType = sourcecode.swift; path = ContentView.swift; sourceTree = "<group>"; };
		38EEBC5E2A7A256000AEF032 /* Assets.xcassets */ = {isa = PBXFileReference; lastKnownFileType = folder.assetcatalog; path = Assets.xcassets; sourceTree = "<group>"; };
		38EEBC612A7A256000AEF032 /* Preview Assets.xcassets */ = {isa = PBXFileReference; lastKnownFileType = folder.assetcatalog; path = "Preview Assets.xcassets"; sourceTree = "<group>"; };
		38EEBC672A7A256000AEF032 /* Sales OrderTests.xctest */ = {isa = PBXFileReference; explicitFileType = wrapper.cfbundle; includeInIndex = 0; path = "Sales OrderTests.xctest"; sourceTree = BUILT_PRODUCTS_DIR; };
		38EEBC6B2A7A256000AEF032 /* Sales_OrderTests.swift */ = {isa = PBXFileReference; lastKnownFileType = sourcecode.swift; path = Sales_OrderTests.swift; sourceTree = "<group>"; };
		38EEBC712A7A256000AEF032 /* Sales OrderUITests.xctest */ = {isa = PBXFileReference; explicitFileType = wrapper.cfbundle; includeInIndex = 0; path = "Sales OrderUITests.xctest"; sourceTree = BUILT_PRODUCTS_DIR; };
		38EEBC752A7A256000AEF032 /* Sales_OrderUITests.swift */ = {isa = PBXFileReference; lastKnownFileType = sourcecode.swift; path = Sales_OrderUITests.swift; sourceTree = "<group>"; };
		38EEBC772A7A256000AEF032 /* Sales_OrderUITestsLaunchTests.swift */ = {isa = PBXFileReference; lastKnownFileType = sourcecode.swift; path = Sales_OrderUITestsLaunchTests.swift; sourceTree = "<group>"; };
		38EEBCC42A7A663200AEF032 /* Launch Screen.storyboard */ = {isa = PBXFileReference; lastKnownFileType = file.storyboard; path = "Launch Screen.storyboard"; sourceTree = "<group>"; };
/* End PBXFileReference section */

/* Begin PBXFrameworksBuildPhase section */
		38EEBC542A7A255F00AEF032 /* Frameworks */ = {
			isa = PBXFrameworksBuildPhase;
			buildActionMask = 2147483647;
			files = (
				387E0E7E2A85F5CF00FEACBA /* SimpleToast in Frameworks */,
				387E0E7B2A84F7C000FEACBA /* Alamofire in Frameworks */,
				38A3AECA2A8A1EFF00A4C826 /* Lottie in Frameworks */,
			);
			runOnlyForDeploymentPostprocessing = 0;
		};
		38EEBC642A7A256000AEF032 /* Frameworks */ = {
			isa = PBXFrameworksBuildPhase;
			buildActionMask = 2147483647;
			files = (
			);
			runOnlyForDeploymentPostprocessing = 0;
		};
		38EEBC6E2A7A256000AEF032 /* Frameworks */ = {
			isa = PBXFrameworksBuildPhase;
			buildActionMask = 2147483647;
			files = (
			);
			runOnlyForDeploymentPostprocessing = 0;
		};
/* End PBXFrameworksBuildPhase section */

/* Begin PBXGroup section */
		3801AE1E2A8C8A700069B136 /* Lottie */ = {
			isa = PBXGroup;
			children = (
				3801AE1F2A8C8A830069B136 /* OTP.json */,
				3801AE212A8C8BD70069B136 /* Call.json */,
				384CB6FA2A98A905009439E5 /* order Submite.json */,
				3801AE232A8C90970069B136 /* Msg.json */,
				3801AE252A8C9A840069B136 /* Order.json */,
				3801AE292A8E551A0069B136 /* Phonering.json */,
			);
			name = Lottie;
			path = ../Lottie;
			sourceTree = "<group>";
		};
		387E0E7F2A85F62A00FEACBA /* common file */ = {
			isa = PBXGroup;
			children = (
				3801AE1E2A8C8A700069B136 /* Lottie */,
				387E0E842A85F7A600FEACBA /* Showtoast.swift */,
				38595AE62A8A3DFB005EB704 /* LottieUIView.swift */,
				3801AE1A2A8A52070069B136 /* LottieUIURL.swift */,
				384CB6F42A9608D4009439E5 /* VisitData.swift */,
				384CB6F82A98A261009439E5 /* LoaderMsg.swift */,
				384CB6FC2A98AE90009439E5 /* NetworkMonitor.swift */,
				384CB6FE2A98B20A009439E5 /* LocationService.swift */,
				384CB7002A98B5B1009439E5 /* Loctionfile.swift */,
				3801AE272A8E17C80069B136 /* APIClient.swift */,
			);
			path = "common file";
			sourceTree = "<group>";
		};
		38CADF342A810D8400842DC9 /* Activity */ = {
			isa = PBXGroup;
			children = (
				38CADF352A810D9700842DC9 /* Order.swift */,
				38C0994A2A8399F4003A7290 /* Testing File.swift */,
				38B5FB8D2A94E9B100565B9F /* Nedata.swift */,
			);
			path = Activity;
			sourceTree = "<group>";
		};
		38EEBC4E2A7A255F00AEF032 = {
			isa = PBXGroup;
			children = (
				38EEBC592A7A255F00AEF032 /* Sales Order */,
				38EEBC6A2A7A256000AEF032 /* Sales OrderTests */,
				38EEBC742A7A256000AEF032 /* Sales OrderUITests */,
				38EEBC582A7A255F00AEF032 /* Products */,
			);
			sourceTree = "<group>";
		};
		38EEBC582A7A255F00AEF032 /* Products */ = {
			isa = PBXGroup;
			children = (
				38EEBC572A7A255F00AEF032 /* Sales Order.app */,
				38EEBC672A7A256000AEF032 /* Sales OrderTests.xctest */,
				38EEBC712A7A256000AEF032 /* Sales OrderUITests.xctest */,
			);
			name = Products;
			sourceTree = "<group>";
		};
		38EEBC592A7A255F00AEF032 /* Sales Order */ = {
			isa = PBXGroup;
			children = (
				387E0E7F2A85F62A00FEACBA /* common file */,
				38CADF342A810D8400842DC9 /* Activity */,
				38EEBC5A2A7A255F00AEF032 /* Sales_OrderApp.swift */,
				38EEBC5C2A7A255F00AEF032 /* ContentView.swift */,
				38EEBCC42A7A663200AEF032 /* Launch Screen.storyboard */,
				38EEBC5E2A7A256000AEF032 /* Assets.xcassets */,
				38EEBC602A7A256000AEF032 /* Preview Content */,
				38CFA27A2A7CDEFB00FE5F51 /* HomePage.swift */,
				38CFA27E2A7CFA4F00FE5F51 /* OTPVerify.swift */,
			);
			path = "Sales Order";
			sourceTree = "<group>";
		};
		38EEBC602A7A256000AEF032 /* Preview Content */ = {
			isa = PBXGroup;
			children = (
				38EEBC612A7A256000AEF032 /* Preview Assets.xcassets */,
			);
			path = "Preview Content";
			sourceTree = "<group>";
		};
		38EEBC6A2A7A256000AEF032 /* Sales OrderTests */ = {
			isa = PBXGroup;
			children = (
				38EEBC6B2A7A256000AEF032 /* Sales_OrderTests.swift */,
			);
			path = "Sales OrderTests";
			sourceTree = "<group>";
		};
		38EEBC742A7A256000AEF032 /* Sales OrderUITests */ = {
			isa = PBXGroup;
			children = (
				38EEBC752A7A256000AEF032 /* Sales_OrderUITests.swift */,
				38EEBC772A7A256000AEF032 /* Sales_OrderUITestsLaunchTests.swift */,
			);
			path = "Sales OrderUITests";
			sourceTree = "<group>";
		};
/* End PBXGroup section */

/* Begin PBXNativeTarget section */
		38EEBC562A7A255F00AEF032 /* Sales Order */ = {
			isa = PBXNativeTarget;
			buildConfigurationList = 38EEBC7B2A7A256000AEF032 /* Build configuration list for PBXNativeTarget "Sales Order" */;
			buildPhases = (
				38EEBC532A7A255F00AEF032 /* Sources */,
				38EEBC542A7A255F00AEF032 /* Frameworks */,
				38EEBC552A7A255F00AEF032 /* Resources */,
			);
			buildRules = (
			);
			dependencies = (
			);
			name = "Sales Order";
			packageProductDependencies = (
				387E0E7A2A84F7C000FEACBA /* Alamofire */,
				387E0E7D2A85F5CF00FEACBA /* SimpleToast */,
				38A3AEC92A8A1EFF00A4C826 /* Lottie */,
			);
			productName = "Sales Order";
			productReference = 38EEBC572A7A255F00AEF032 /* Sales Order.app */;
			productType = "com.apple.product-type.application";
		};
		38EEBC662A7A256000AEF032 /* Sales OrderTests */ = {
			isa = PBXNativeTarget;
			buildConfigurationList = 38EEBC7E2A7A256000AEF032 /* Build configuration list for PBXNativeTarget "Sales OrderTests" */;
			buildPhases = (
				38EEBC632A7A256000AEF032 /* Sources */,
				38EEBC642A7A256000AEF032 /* Frameworks */,
				38EEBC652A7A256000AEF032 /* Resources */,
			);
			buildRules = (
			);
			dependencies = (
				38EEBC692A7A256000AEF032 /* PBXTargetDependency */,
			);
			name = "Sales OrderTests";
			productName = "Sales OrderTests";
			productReference = 38EEBC672A7A256000AEF032 /* Sales OrderTests.xctest */;
			productType = "com.apple.product-type.bundle.unit-test";
		};
		38EEBC702A7A256000AEF032 /* Sales OrderUITests */ = {
			isa = PBXNativeTarget;
			buildConfigurationList = 38EEBC812A7A256000AEF032 /* Build configuration list for PBXNativeTarget "Sales OrderUITests" */;
			buildPhases = (
				38EEBC6D2A7A256000AEF032 /* Sources */,
				38EEBC6E2A7A256000AEF032 /* Frameworks */,
				38EEBC6F2A7A256000AEF032 /* Resources */,
			);
			buildRules = (
			);
			dependencies = (
				38EEBC732A7A256000AEF032 /* PBXTargetDependency */,
			);
			name = "Sales OrderUITests";
			productName = "Sales OrderUITests";
			productReference = 38EEBC712A7A256000AEF032 /* Sales OrderUITests.xctest */;
			productType = "com.apple.product-type.bundle.ui-testing";
		};
/* End PBXNativeTarget section */

/* Begin PBXProject section */
		38EEBC4F2A7A255F00AEF032 /* Project object */ = {
			isa = PBXProject;
			attributes = {
				BuildIndependentTargetsInParallel = 1;
				LastSwiftUpdateCheck = 1420;
				LastUpgradeCheck = 1420;
				TargetAttributes = {
					38EEBC562A7A255F00AEF032 = {
						CreatedOnToolsVersion = 14.2;
					};
					38EEBC662A7A256000AEF032 = {
						CreatedOnToolsVersion = 14.2;
						TestTargetID = 38EEBC562A7A255F00AEF032;
					};
					38EEBC702A7A256000AEF032 = {
						CreatedOnToolsVersion = 14.2;
						TestTargetID = 38EEBC562A7A255F00AEF032;
					};
				};
			};
			buildConfigurationList = 38EEBC522A7A255F00AEF032 /* Build configuration list for PBXProject "Sales Order" */;
			compatibilityVersion = "Xcode 14.0";
			developmentRegion = en;
			hasScannedForEncodings = 0;
			knownRegions = (
				en,
				Base,
			);
			mainGroup = 38EEBC4E2A7A255F00AEF032;
			packageReferences = (
				38CFA2772A7BA49400FE5F51 /* XCRemoteSwiftPackageReference "swift-argument-parser" */,
				387E0E792A84F7C000FEACBA /* XCRemoteSwiftPackageReference "Alamofire" */,
				387E0E7C2A85F5CF00FEACBA /* XCRemoteSwiftPackageReference "SimpleToast" */,
				38A3AEC82A8A1EFF00A4C826 /* XCRemoteSwiftPackageReference "lottie-ios" */,
			);
			productRefGroup = 38EEBC582A7A255F00AEF032 /* Products */;
			projectDirPath = "";
			projectRoot = "";
			targets = (
				38EEBC562A7A255F00AEF032 /* Sales Order */,
				38EEBC662A7A256000AEF032 /* Sales OrderTests */,
				38EEBC702A7A256000AEF032 /* Sales OrderUITests */,
			);
		};
/* End PBXProject section */

/* Begin PBXResourcesBuildPhase section */
		38EEBC552A7A255F00AEF032 /* Resources */ = {
			isa = PBXResourcesBuildPhase;
			buildActionMask = 2147483647;
			files = (
				384CB6FB2A98A905009439E5 /* order Submite.json in Resources */,
				3801AE2A2A8E551A0069B136 /* Phonering.json in Resources */,
				3801AE222A8C8BD70069B136 /* Call.json in Resources */,
				38EEBCC52A7A663200AEF032 /* Launch Screen.storyboard in Resources */,
				38EEBC622A7A256000AEF032 /* Preview Assets.xcassets in Resources */,
				3801AE202A8C8A830069B136 /* OTP.json in Resources */,
				38EEBC5F2A7A256000AEF032 /* Assets.xcassets in Resources */,
				3801AE242A8C90970069B136 /* Msg.json in Resources */,
				3801AE262A8C9A840069B136 /* Order.json in Resources */,
			);
			runOnlyForDeploymentPostprocessing = 0;
		};
		38EEBC652A7A256000AEF032 /* Resources */ = {
			isa = PBXResourcesBuildPhase;
			buildActionMask = 2147483647;
			files = (
			);
			runOnlyForDeploymentPostprocessing = 0;
		};
		38EEBC6F2A7A256000AEF032 /* Resources */ = {
			isa = PBXResourcesBuildPhase;
			buildActionMask = 2147483647;
			files = (
			);
			runOnlyForDeploymentPostprocessing = 0;
		};
/* End PBXResourcesBuildPhase section */

/* Begin PBXSourcesBuildPhase section */
		38EEBC532A7A255F00AEF032 /* Sources */ = {
			isa = PBXSourcesBuildPhase;
			buildActionMask = 2147483647;
			files = (
				38EEBC5D2A7A255F00AEF032 /* ContentView.swift in Sources */,
				3801AE1B2A8A52070069B136 /* LottieUIURL.swift in Sources */,
				38CFA27B2A7CDEFB00FE5F51 /* HomePage.swift in Sources */,
				3801AE282A8E17C80069B136 /* APIClient.swift in Sources */,
				384CB7012A98B5B1009439E5 /* Loctionfile.swift in Sources */,
				38CADF362A810D9700842DC9 /* Order.swift in Sources */,
				38C0994B2A8399F4003A7290 /* Testing File.swift in Sources */,
				38CFA27F2A7CFA4F00FE5F51 /* OTPVerify.swift in Sources */,
				384CB6FF2A98B20A009439E5 /* LocationService.swift in Sources */,
				38EEBC5B2A7A255F00AEF032 /* Sales_OrderApp.swift in Sources */,
				38B5FB8E2A94E9B100565B9F /* Nedata.swift in Sources */,
				38595AE72A8A3DFB005EB704 /* LottieUIView.swift in Sources */,
				387E0E852A85F7A600FEACBA /* Showtoast.swift in Sources */,
				384CB6F92A98A261009439E5 /* LoaderMsg.swift in Sources */,
				384CB6F52A9608D4009439E5 /* VisitData.swift in Sources */,
				384CB6FD2A98AE90009439E5 /* NetworkMonitor.swift in Sources */,
			);
			runOnlyForDeploymentPostprocessing = 0;
		};
		38EEBC632A7A256000AEF032 /* Sources */ = {
			isa = PBXSourcesBuildPhase;
			buildActionMask = 2147483647;
			files = (
				38EEBC6C2A7A256000AEF032 /* Sales_OrderTests.swift in Sources */,
			);
			runOnlyForDeploymentPostprocessing = 0;
		};
		38EEBC6D2A7A256000AEF032 /* Sources */ = {
			isa = PBXSourcesBuildPhase;
			buildActionMask = 2147483647;
			files = (
				38EEBC782A7A256000AEF032 /* Sales_OrderUITestsLaunchTests.swift in Sources */,
				38EEBC762A7A256000AEF032 /* Sales_OrderUITests.swift in Sources */,
			);
			runOnlyForDeploymentPostprocessing = 0;
		};
/* End PBXSourcesBuildPhase section */

/* Begin PBXTargetDependency section */
		38EEBC692A7A256000AEF032 /* PBXTargetDependency */ = {
			isa = PBXTargetDependency;
			target = 38EEBC562A7A255F00AEF032 /* Sales Order */;
			targetProxy = 38EEBC682A7A256000AEF032 /* PBXContainerItemProxy */;
		};
		38EEBC732A7A256000AEF032 /* PBXTargetDependency */ = {
			isa = PBXTargetDependency;
			target = 38EEBC562A7A255F00AEF032 /* Sales Order */;
			targetProxy = 38EEBC722A7A256000AEF032 /* PBXContainerItemProxy */;
		};
/* End PBXTargetDependency section */

/* Begin XCBuildConfiguration section */
		38EEBC792A7A256000AEF032 /* Debug */ = {
			isa = XCBuildConfiguration;
			buildSettings = {
				ALWAYS_SEARCH_USER_PATHS = NO;
				CLANG_ANALYZER_NONNULL = YES;
				CLANG_ANALYZER_NUMBER_OBJECT_CONVERSION = YES_AGGRESSIVE;
				CLANG_CXX_LANGUAGE_STANDARD = "gnu++20";
				CLANG_ENABLE_MODULES = YES;
				CLANG_ENABLE_OBJC_ARC = YES;
				CLANG_ENABLE_OBJC_WEAK = YES;
				CLANG_WARN_BLOCK_CAPTURE_AUTORELEASING = YES;
				CLANG_WARN_BOOL_CONVERSION = YES;
				CLANG_WARN_COMMA = YES;
				CLANG_WARN_CONSTANT_CONVERSION = YES;
				CLANG_WARN_DEPRECATED_OBJC_IMPLEMENTATIONS = YES;
				CLANG_WARN_DIRECT_OBJC_ISA_USAGE = YES_ERROR;
				CLANG_WARN_DOCUMENTATION_COMMENTS = YES;
				CLANG_WARN_EMPTY_BODY = YES;
				CLANG_WARN_ENUM_CONVERSION = YES;
				CLANG_WARN_INFINITE_RECURSION = YES;
				CLANG_WARN_INT_CONVERSION = YES;
				CLANG_WARN_NON_LITERAL_NULL_CONVERSION = YES;
				CLANG_WARN_OBJC_IMPLICIT_RETAIN_SELF = YES;
				CLANG_WARN_OBJC_LITERAL_CONVERSION = YES;
				CLANG_WARN_OBJC_ROOT_CLASS = YES_ERROR;
				CLANG_WARN_QUOTED_INCLUDE_IN_FRAMEWORK_HEADER = YES;
				CLANG_WARN_RANGE_LOOP_ANALYSIS = YES;
				CLANG_WARN_STRICT_PROTOTYPES = YES;
				CLANG_WARN_SUSPICIOUS_MOVE = YES;
				CLANG_WARN_UNGUARDED_AVAILABILITY = YES_AGGRESSIVE;
				CLANG_WARN_UNREACHABLE_CODE = YES;
				CLANG_WARN__DUPLICATE_METHOD_MATCH = YES;
				COPY_PHASE_STRIP = NO;
				DEAD_CODE_STRIPPING = YES;
				DEBUG_INFORMATION_FORMAT = dwarf;
				ENABLE_STRICT_OBJC_MSGSEND = YES;
				ENABLE_TESTABILITY = YES;
				GCC_C_LANGUAGE_STANDARD = gnu11;
				GCC_DYNAMIC_NO_PIC = NO;
				GCC_NO_COMMON_BLOCKS = YES;
				GCC_OPTIMIZATION_LEVEL = 0;
				GCC_PREPROCESSOR_DEFINITIONS = (
					"DEBUG=1",
					"$(inherited)",
				);
				GCC_WARN_64_TO_32_BIT_CONVERSION = YES;
				GCC_WARN_ABOUT_RETURN_TYPE = YES_ERROR;
				GCC_WARN_UNDECLARED_SELECTOR = YES;
				GCC_WARN_UNINITIALIZED_AUTOS = YES_AGGRESSIVE;
				GCC_WARN_UNUSED_FUNCTION = YES;
				GCC_WARN_UNUSED_VARIABLE = YES;
				IPHONEOS_DEPLOYMENT_TARGET = 16.2;
				MTL_ENABLE_DEBUG_INFO = INCLUDE_SOURCE;
				MTL_FAST_MATH = YES;
				ONLY_ACTIVE_ARCH = YES;
				SDKROOT = iphoneos;
				SWIFT_ACTIVE_COMPILATION_CONDITIONS = DEBUG;
				SWIFT_OPTIMIZATION_LEVEL = "-Onone";
			};
			name = Debug;
		};
		38EEBC7A2A7A256000AEF032 /* Release */ = {
			isa = XCBuildConfiguration;
			buildSettings = {
				ALWAYS_SEARCH_USER_PATHS = NO;
				CLANG_ANALYZER_NONNULL = YES;
				CLANG_ANALYZER_NUMBER_OBJECT_CONVERSION = YES_AGGRESSIVE;
				CLANG_CXX_LANGUAGE_STANDARD = "gnu++20";
				CLANG_ENABLE_MODULES = YES;
				CLANG_ENABLE_OBJC_ARC = YES;
				CLANG_ENABLE_OBJC_WEAK = YES;
				CLANG_WARN_BLOCK_CAPTURE_AUTORELEASING = YES;
				CLANG_WARN_BOOL_CONVERSION = YES;
				CLANG_WARN_COMMA = YES;
				CLANG_WARN_CONSTANT_CONVERSION = YES;
				CLANG_WARN_DEPRECATED_OBJC_IMPLEMENTATIONS = YES;
				CLANG_WARN_DIRECT_OBJC_ISA_USAGE = YES_ERROR;
				CLANG_WARN_DOCUMENTATION_COMMENTS = YES;
				CLANG_WARN_EMPTY_BODY = YES;
				CLANG_WARN_ENUM_CONVERSION = YES;
				CLANG_WARN_INFINITE_RECURSION = YES;
				CLANG_WARN_INT_CONVERSION = YES;
				CLANG_WARN_NON_LITERAL_NULL_CONVERSION = YES;
				CLANG_WARN_OBJC_IMPLICIT_RETAIN_SELF = YES;
				CLANG_WARN_OBJC_LITERAL_CONVERSION = YES;
				CLANG_WARN_OBJC_ROOT_CLASS = YES_ERROR;
				CLANG_WARN_QUOTED_INCLUDE_IN_FRAMEWORK_HEADER = YES;
				CLANG_WARN_RANGE_LOOP_ANALYSIS = YES;
				CLANG_WARN_STRICT_PROTOTYPES = YES;
				CLANG_WARN_SUSPICIOUS_MOVE = YES;
				CLANG_WARN_UNGUARDED_AVAILABILITY = YES_AGGRESSIVE;
				CLANG_WARN_UNREACHABLE_CODE = YES;
				CLANG_WARN__DUPLICATE_METHOD_MATCH = YES;
				COPY_PHASE_STRIP = NO;
				DEAD_CODE_STRIPPING = YES;
				DEBUG_INFORMATION_FORMAT = "dwarf-with-dsym";
				ENABLE_NS_ASSERTIONS = NO;
				ENABLE_STRICT_OBJC_MSGSEND = YES;
				GCC_C_LANGUAGE_STANDARD = gnu11;
				GCC_NO_COMMON_BLOCKS = YES;
				GCC_WARN_64_TO_32_BIT_CONVERSION = YES;
				GCC_WARN_ABOUT_RETURN_TYPE = YES_ERROR;
				GCC_WARN_UNDECLARED_SELECTOR = YES;
				GCC_WARN_UNINITIALIZED_AUTOS = YES_AGGRESSIVE;
				GCC_WARN_UNUSED_FUNCTION = YES;
				GCC_WARN_UNUSED_VARIABLE = YES;
				IPHONEOS_DEPLOYMENT_TARGET = 16.2;
				MTL_ENABLE_DEBUG_INFO = NO;
				MTL_FAST_MATH = YES;
				SDKROOT = iphoneos;
				SWIFT_COMPILATION_MODE = wholemodule;
				SWIFT_OPTIMIZATION_LEVEL = "-O";
				VALIDATE_PRODUCT = YES;
			};
			name = Release;
		};
		38EEBC7C2A7A256000AEF032 /* Debug */ = {
			isa = XCBuildConfiguration;
			buildSettings = {
				ASSETCATALOG_COMPILER_APPICON_NAME = AppIcon;
				ASSETCATALOG_COMPILER_GLOBAL_ACCENT_COLOR_NAME = AccentColor;
				ASSETCATALOG_COMPILER_INCLUDE_ALL_APPICON_ASSETS = NO;
				CODE_SIGN_STYLE = Automatic;
				CURRENT_PROJECT_VERSION = 1;
				DEAD_CODE_STRIPPING = NO;
				DEVELOPMENT_ASSET_PATHS = "\"Sales Order/Preview Content\"";
				DEVELOPMENT_TEAM = N89SJ534H4;
				ENABLE_PREVIEWS = YES;
				GENERATE_INFOPLIST_FILE = YES;
				INFOPLIST_KEY_UIApplicationSceneManifest_Generation = YES;
				INFOPLIST_KEY_UIApplicationSupportsIndirectInputEvents = YES;
				INFOPLIST_KEY_UILaunchScreen_Generation = YES;
				INFOPLIST_KEY_UILaunchStoryboardName = "Launch Screen.storyboard";
				INFOPLIST_KEY_UISupportedInterfaceOrientations = UIInterfaceOrientationPortrait;
				INFOPLIST_KEY_UISupportedInterfaceOrientations_iPad = "UIInterfaceOrientationLandscapeLeft UIInterfaceOrientationLandscapeRight UIInterfaceOrientationPortrait UIInterfaceOrientationPortraitUpsideDown";
				IPHONEOS_DEPLOYMENT_TARGET = 14.0;
				LD_RUNPATH_SEARCH_PATHS = (
					"$(inherited)",
					"@executable_path/Frameworks",
				);
				MARKETING_VERSION = 1.0;
				PRODUCT_BUNDLE_IDENTIFIER = "com.saneforce.Sales-Order";
				PRODUCT_NAME = "$(TARGET_NAME)";
				SWIFT_EMIT_LOC_STRINGS = YES;
				SWIFT_VERSION = 5.0;
				TARGETED_DEVICE_FAMILY = "1,2";
			};
			name = Debug;
		};
		38EEBC7D2A7A256000AEF032 /* Release */ = {
			isa = XCBuildConfiguration;
			buildSettings = {
				ASSETCATALOG_COMPILER_APPICON_NAME = AppIcon;
				ASSETCATALOG_COMPILER_GLOBAL_ACCENT_COLOR_NAME = AccentColor;
				ASSETCATALOG_COMPILER_INCLUDE_ALL_APPICON_ASSETS = NO;
				CODE_SIGN_STYLE = Automatic;
				CURRENT_PROJECT_VERSION = 1;
				DEAD_CODE_STRIPPING = NO;
				DEVELOPMENT_ASSET_PATHS = "\"Sales Order/Preview Content\"";
				DEVELOPMENT_TEAM = N89SJ534H4;
				ENABLE_PREVIEWS = YES;
				GENERATE_INFOPLIST_FILE = YES;
				INFOPLIST_KEY_UIApplicationSceneManifest_Generation = YES;
				INFOPLIST_KEY_UIApplicationSupportsIndirectInputEvents = YES;
				INFOPLIST_KEY_UILaunchScreen_Generation = YES;
				INFOPLIST_KEY_UILaunchStoryboardName = "Launch Screen.storyboard";
				INFOPLIST_KEY_UISupportedInterfaceOrientations = UIInterfaceOrientationPortrait;
				INFOPLIST_KEY_UISupportedInterfaceOrientations_iPad = "UIInterfaceOrientationLandscapeLeft UIInterfaceOrientationLandscapeRight UIInterfaceOrientationPortrait UIInterfaceOrientationPortraitUpsideDown";
				IPHONEOS_DEPLOYMENT_TARGET = 14.0;
				LD_RUNPATH_SEARCH_PATHS = (
					"$(inherited)",
					"@executable_path/Frameworks",
				);
				MARKETING_VERSION = 1.0;
				PRODUCT_BUNDLE_IDENTIFIER = "com.saneforce.Sales-Order";
				PRODUCT_NAME = "$(TARGET_NAME)";
				SWIFT_EMIT_LOC_STRINGS = YES;
				SWIFT_VERSION = 5.0;
				TARGETED_DEVICE_FAMILY = "1,2";
			};
			name = Release;
		};
		38EEBC7F2A7A256000AEF032 /* Debug */ = {
			isa = XCBuildConfiguration;
			buildSettings = {
				ALWAYS_EMBED_SWIFT_STANDARD_LIBRARIES = YES;
				BUNDLE_LOADER = "$(TEST_HOST)";
				CODE_SIGN_STYLE = Automatic;
				CURRENT_PROJECT_VERSION = 1;
				DEVELOPMENT_TEAM = N89SJ534H4;
				GENERATE_INFOPLIST_FILE = YES;
				IPHONEOS_DEPLOYMENT_TARGET = 16.2;
				MARKETING_VERSION = 1.0;
				PRODUCT_BUNDLE_IDENTIFIER = "com.saneforce.Sales-OrderTests";
				PRODUCT_NAME = "$(TARGET_NAME)";
				SWIFT_EMIT_LOC_STRINGS = NO;
				SWIFT_VERSION = 5.0;
				TARGETED_DEVICE_FAMILY = "1,2";
				TEST_HOST = "$(BUILT_PRODUCTS_DIR)/Sales Order.app/$(BUNDLE_EXECUTABLE_FOLDER_PATH)/Sales Order";
			};
			name = Debug;
		};
		38EEBC802A7A256000AEF032 /* Release */ = {
			isa = XCBuildConfiguration;
			buildSettings = {
				ALWAYS_EMBED_SWIFT_STANDARD_LIBRARIES = YES;
				BUNDLE_LOADER = "$(TEST_HOST)";
				CODE_SIGN_STYLE = Automatic;
				CURRENT_PROJECT_VERSION = 1;
				DEVELOPMENT_TEAM = N89SJ534H4;
				GENERATE_INFOPLIST_FILE = YES;
				IPHONEOS_DEPLOYMENT_TARGET = 16.2;
				MARKETING_VERSION = 1.0;
				PRODUCT_BUNDLE_IDENTIFIER = "com.saneforce.Sales-OrderTests";
				PRODUCT_NAME = "$(TARGET_NAME)";
				SWIFT_EMIT_LOC_STRINGS = NO;
				SWIFT_VERSION = 5.0;
				TARGETED_DEVICE_FAMILY = "1,2";
				TEST_HOST = "$(BUILT_PRODUCTS_DIR)/Sales Order.app/$(BUNDLE_EXECUTABLE_FOLDER_PATH)/Sales Order";
			};
			name = Release;
		};
		38EEBC822A7A256000AEF032 /* Debug */ = {
			isa = XCBuildConfiguration;
			buildSettings = {
				ALWAYS_EMBED_SWIFT_STANDARD_LIBRARIES = YES;
				CODE_SIGN_STYLE = Automatic;
				CURRENT_PROJECT_VERSION = 1;
				DEVELOPMENT_TEAM = N89SJ534H4;
				GENERATE_INFOPLIST_FILE = YES;
				MARKETING_VERSION = 1.0;
				PRODUCT_BUNDLE_IDENTIFIER = "com.saneforce.Sales-OrderUITests";
				PRODUCT_NAME = "$(TARGET_NAME)";
				SWIFT_EMIT_LOC_STRINGS = NO;
				SWIFT_VERSION = 5.0;
				TARGETED_DEVICE_FAMILY = "1,2";
				TEST_TARGET_NAME = "Sales Order";
			};
			name = Debug;
		};
		38EEBC832A7A256000AEF032 /* Release */ = {
			isa = XCBuildConfiguration;
			buildSettings = {
				ALWAYS_EMBED_SWIFT_STANDARD_LIBRARIES = YES;
				CODE_SIGN_STYLE = Automatic;
				CURRENT_PROJECT_VERSION = 1;
				DEVELOPMENT_TEAM = N89SJ534H4;
				GENERATE_INFOPLIST_FILE = YES;
				MARKETING_VERSION = 1.0;
				PRODUCT_BUNDLE_IDENTIFIER = "com.saneforce.Sales-OrderUITests";
				PRODUCT_NAME = "$(TARGET_NAME)";
				SWIFT_EMIT_LOC_STRINGS = NO;
				SWIFT_VERSION = 5.0;
				TARGETED_DEVICE_FAMILY = "1,2";
				TEST_TARGET_NAME = "Sales Order";
			};
			name = Release;
		};
/* End XCBuildConfiguration section */

/* Begin XCConfigurationList section */
		38EEBC522A7A255F00AEF032 /* Build configuration list for PBXProject "Sales Order" */ = {
			isa = XCConfigurationList;
			buildConfigurations = (
				38EEBC792A7A256000AEF032 /* Debug */,
				38EEBC7A2A7A256000AEF032 /* Release */,
			);
			defaultConfigurationIsVisible = 0;
			defaultConfigurationName = Release;
		};
		38EEBC7B2A7A256000AEF032 /* Build configuration list for PBXNativeTarget "Sales Order" */ = {
			isa = XCConfigurationList;
			buildConfigurations = (
				38EEBC7C2A7A256000AEF032 /* Debug */,
				38EEBC7D2A7A256000AEF032 /* Release */,
			);
			defaultConfigurationIsVisible = 0;
			defaultConfigurationName = Release;
		};
		38EEBC7E2A7A256000AEF032 /* Build configuration list for PBXNativeTarget "Sales OrderTests" */ = {
			isa = XCConfigurationList;
			buildConfigurations = (
				38EEBC7F2A7A256000AEF032 /* Debug */,
				38EEBC802A7A256000AEF032 /* Release */,
			);
			defaultConfigurationIsVisible = 0;
			defaultConfigurationName = Release;
		};
		38EEBC812A7A256000AEF032 /* Build configuration list for PBXNativeTarget "Sales OrderUITests" */ = {
			isa = XCConfigurationList;
			buildConfigurations = (
				38EEBC822A7A256000AEF032 /* Debug */,
				38EEBC832A7A256000AEF032 /* Release */,
			);
			defaultConfigurationIsVisible = 0;
			defaultConfigurationName = Release;
		};
/* End XCConfigurationList section */

/* Begin XCRemoteSwiftPackageReference section */
		387E0E792A84F7C000FEACBA /* XCRemoteSwiftPackageReference "Alamofire" */ = {
			isa = XCRemoteSwiftPackageReference;
			repositoryURL = "https://github.com/Alamofire/Alamofire.git";
			requirement = {
				kind = upToNextMajorVersion;
				minimumVersion = 5.0.0;
			};
		};
		387E0E7C2A85F5CF00FEACBA /* XCRemoteSwiftPackageReference "SimpleToast" */ = {
			isa = XCRemoteSwiftPackageReference;
			repositoryURL = "https://github.com/sanzaru/SimpleToast.git";
			requirement = {
				kind = upToNextMajorVersion;
				minimumVersion = 0.7.2;
			};
		};
		38A3AEC82A8A1EFF00A4C826 /* XCRemoteSwiftPackageReference "lottie-ios" */ = {
			isa = XCRemoteSwiftPackageReference;
			repositoryURL = "https://github.com/airbnb/lottie-ios.git";
			requirement = {
				kind = upToNextMajorVersion;
				minimumVersion = 3.1.6;
			};
		};
		38CFA2772A7BA49400FE5F51 /* XCRemoteSwiftPackageReference "swift-argument-parser" */ = {
			isa = XCRemoteSwiftPackageReference;
			repositoryURL = "https://github.com/apple/swift-argument-parser.git";
			requirement = {
				kind = upToNextMajorVersion;
				minimumVersion = 1.0.0;
			};
		};
/* End XCRemoteSwiftPackageReference section */

/* Begin XCSwiftPackageProductDependency section */
		387E0E7A2A84F7C000FEACBA /* Alamofire */ = {
			isa = XCSwiftPackageProductDependency;
			package = 387E0E792A84F7C000FEACBA /* XCRemoteSwiftPackageReference "Alamofire" */;
			productName = Alamofire;
		};
		387E0E7D2A85F5CF00FEACBA /* SimpleToast */ = {
			isa = XCSwiftPackageProductDependency;
			package = 387E0E7C2A85F5CF00FEACBA /* XCRemoteSwiftPackageReference "SimpleToast" */;
			productName = SimpleToast;
		};
		38A3AEC92A8A1EFF00A4C826 /* Lottie */ = {
			isa = XCSwiftPackageProductDependency;
			package = 38A3AEC82A8A1EFF00A4C826 /* XCRemoteSwiftPackageReference "lottie-ios" */;
			productName = Lottie;
		};
/* End XCSwiftPackageProductDependency section */
	};
	rootObject = 38EEBC4F2A7A255F00AEF032 /* Project object */;
}
