// !$*UTF8*$!
{
	archiveVersion = 1;
	classes = {
	};
	objectVersion = 56;
	objects = {

/* Begin PBXBuildFile section */
		2EC4D95DC001D6144D6D4296 /* libPods-Sales OrderUITests.a in Frameworks */ = {isa = PBXBuildFile; fileRef = 4ECFA6E08B76CE03375DBEF1 /* libPods-Sales OrderUITests.a */; };
		3801AE1B2A8A52070069B136 /* LottieUIURL.swift in Sources */ = {isa = PBXBuildFile; fileRef = 3801AE1A2A8A52070069B136 /* LottieUIURL.swift */; };
		3801AE282A8E17C80069B136 /* APIClient.swift in Sources */ = {isa = PBXBuildFile; fileRef = 3801AE272A8E17C80069B136 /* APIClient.swift */; };
		380540332B6E0B4F00F9AAE3 /* NetworkMonitor.swift in Sources */ = {isa = PBXBuildFile; fileRef = 380540322B6E0B4F00F9AAE3 /* NetworkMonitor.swift */; };
		380540352B6E13BB00F9AAE3 /* Internet_Not_Connected.json in Resources */ = {isa = PBXBuildFile; fileRef = 380540342B6E13BB00F9AAE3 /* Internet_Not_Connected.json */; };
		383800472AB9A50F0058F546 /* Firebase Cloud Messaging.swift in Sources */ = {isa = PBXBuildFile; fileRef = 383800462AB9A50F0058F546 /* Firebase Cloud Messaging.swift */; };
		3838004C2AB9AE320058F546 /* GoogleService-Info.plist in Resources */ = {isa = PBXBuildFile; fileRef = 3838004B2AB9AE320058F546 /* GoogleService-Info.plist */; };
		3844996E2B76281F00FAF676 /* loader.swift in Sources */ = {isa = PBXBuildFile; fileRef = 3844996D2B76281F00FAF676 /* loader.swift */; };
		38465CA22AAF2A9D009BD4F1 /* PrinterFile.swift in Sources */ = {isa = PBXBuildFile; fileRef = 38465CA12AAF2A9D009BD4F1 /* PrinterFile.swift */; };
		384CB6F52A9608D4009439E5 /* VisitData.swift in Sources */ = {isa = PBXBuildFile; fileRef = 384CB6F42A9608D4009439E5 /* VisitData.swift */; };
		384CB6FF2A98B20A009439E5 /* LocationService.swift in Sources */ = {isa = PBXBuildFile; fileRef = 384CB6FE2A98B20A009439E5 /* LocationService.swift */; };
		384CB7012A98B5B1009439E5 /* Loctionfile.swift in Sources */ = {isa = PBXBuildFile; fileRef = 384CB7002A98B5B1009439E5 /* Loctionfile.swift */; };
		384CB7042A99FABA009439E5 /* DeviceLocationService.swift in Sources */ = {isa = PBXBuildFile; fileRef = 384CB7032A99FABA009439E5 /* DeviceLocationService.swift */; };
		38595AE72A8A3DFB005EB704 /* LottieUIView.swift in Sources */ = {isa = PBXBuildFile; fileRef = 38595AE62A8A3DFB005EB704 /* LottieUIView.swift */; };
		3860A79D2B0334E20067B583 /* URLImage in Frameworks */ = {isa = PBXBuildFile; productRef = 3860A79C2B0334E20067B583 /* URLImage */; };
		386AB3162AB1D3EA00FF49D2 /* My Profile.swift in Sources */ = {isa = PBXBuildFile; fileRef = 386AB3152AB1D3EA00FF49D2 /* My Profile.swift */; };
		386AB3182AB1D49B00FF49D2 /* Feedback.swift in Sources */ = {isa = PBXBuildFile; fileRef = 386AB3172AB1D49B00FF49D2 /* Feedback.swift */; };
		387E0E7B2A84F7C000FEACBA /* Alamofire in Frameworks */ = {isa = PBXBuildFile; productRef = 387E0E7A2A84F7C000FEACBA /* Alamofire */; };
		387E0E7E2A85F5CF00FEACBA /* SimpleToast in Frameworks */ = {isa = PBXBuildFile; productRef = 387E0E7D2A85F5CF00FEACBA /* SimpleToast */; };
		387E0E852A85F7A600FEACBA /* Showtoast.swift in Sources */ = {isa = PBXBuildFile; fileRef = 387E0E842A85F7A600FEACBA /* Showtoast.swift */; };
		3894EFB42AA9D3ED0037EA45 /* ColorFile.swift in Sources */ = {isa = PBXBuildFile; fileRef = 3894EFB32AA9D3ED0037EA45 /* ColorFile.swift */; };
		3894EFB62AA9D4D40037EA45 /* PaymentScreen.swift in Sources */ = {isa = PBXBuildFile; fileRef = 3894EFB52AA9D4D40037EA45 /* PaymentScreen.swift */; };
		3894EFB82AAAF7A30037EA45 /* Complaint_and_Feedback_Screen.swift in Sources */ = {isa = PBXBuildFile; fileRef = 3894EFB72AAAF7A30037EA45 /* Complaint_and_Feedback_Screen.swift */; };
		389AA9072B7CB86000060DA9 /* UserSetup.swift in Sources */ = {isa = PBXBuildFile; fileRef = 389AA9062B7CB86000060DA9 /* UserSetup.swift */; };
		389B99B82B12032D00A53B42 /* NoOreder.json in Resources */ = {isa = PBXBuildFile; fileRef = 389B99B72B12032D00A53B42 /* NoOreder.json */; };
		38A266002B6D12EF00336994 /* Poppins-Black.ttf in Resources */ = {isa = PBXBuildFile; fileRef = 38A265FF2B6D12EF00336994 /* Poppins-Black.ttf */; };
		38A266022B6D12FD00336994 /* Poppins-BlackItalic.ttf in Resources */ = {isa = PBXBuildFile; fileRef = 38A266012B6D12FD00336994 /* Poppins-BlackItalic.ttf */; };
		38A266042B6D130600336994 /* Poppins-Bold.ttf in Resources */ = {isa = PBXBuildFile; fileRef = 38A266032B6D130600336994 /* Poppins-Bold.ttf */; };
		38A266062B6D130B00336994 /* Poppins-BoldItalic.ttf in Resources */ = {isa = PBXBuildFile; fileRef = 38A266052B6D130B00336994 /* Poppins-BoldItalic.ttf */; };
		38A266082B6D131900336994 /* Poppins-ExtraBold.ttf in Resources */ = {isa = PBXBuildFile; fileRef = 38A266072B6D131900336994 /* Poppins-ExtraBold.ttf */; };
		38A2660A2B6D132000336994 /* Poppins-ExtraBoldItalic.ttf in Resources */ = {isa = PBXBuildFile; fileRef = 38A266092B6D132000336994 /* Poppins-ExtraBoldItalic.ttf */; };
		38A2660C2B6D132D00336994 /* Poppins-ExtraLight.ttf in Resources */ = {isa = PBXBuildFile; fileRef = 38A2660B2B6D132D00336994 /* Poppins-ExtraLight.ttf */; };
		38A2660E2B6D133200336994 /* Poppins-ExtraLightItalic.ttf in Resources */ = {isa = PBXBuildFile; fileRef = 38A2660D2B6D133200336994 /* Poppins-ExtraLightItalic.ttf */; };
		38A266102B6D133F00336994 /* Poppins-Italic.ttf in Resources */ = {isa = PBXBuildFile; fileRef = 38A2660F2B6D133F00336994 /* Poppins-Italic.ttf */; };
		38A266122B6D134600336994 /* Poppins-Light.ttf in Resources */ = {isa = PBXBuildFile; fileRef = 38A266112B6D134600336994 /* Poppins-Light.ttf */; };
		38A266142B6D134D00336994 /* Poppins-LightItalic.ttf in Resources */ = {isa = PBXBuildFile; fileRef = 38A266132B6D134D00336994 /* Poppins-LightItalic.ttf */; };
		38A266162B6D135500336994 /* Poppins-Medium.ttf in Resources */ = {isa = PBXBuildFile; fileRef = 38A266152B6D135500336994 /* Poppins-Medium.ttf */; };
		38A266182B6D135D00336994 /* Poppins-MediumItalic.ttf in Resources */ = {isa = PBXBuildFile; fileRef = 38A266172B6D135D00336994 /* Poppins-MediumItalic.ttf */; };
		38A2661A2B6D136700336994 /* Poppins-Regular.ttf in Resources */ = {isa = PBXBuildFile; fileRef = 38A266192B6D136700336994 /* Poppins-Regular.ttf */; };
		38A2661C2B6D136F00336994 /* Poppins-SemiBold.ttf in Resources */ = {isa = PBXBuildFile; fileRef = 38A2661B2B6D136F00336994 /* Poppins-SemiBold.ttf */; };
		38A2661E2B6D137500336994 /* Poppins-SemiBoldItalic.ttf in Resources */ = {isa = PBXBuildFile; fileRef = 38A2661D2B6D137500336994 /* Poppins-SemiBoldItalic.ttf */; };
		38A266202B6D137B00336994 /* Poppins-Thin.ttf in Resources */ = {isa = PBXBuildFile; fileRef = 38A2661F2B6D137B00336994 /* Poppins-Thin.ttf */; };
		38A266222B6D138000336994 /* Poppins-ThinItalic.ttf in Resources */ = {isa = PBXBuildFile; fileRef = 38A266212B6D138000336994 /* Poppins-ThinItalic.ttf */; };
		38A3AECA2A8A1EFF00A4C826 /* Lottie in Frameworks */ = {isa = PBXBuildFile; productRef = 38A3AEC92A8A1EFF00A4C826 /* Lottie */; };
		38A54D1D2B0F3433009E8976 /* Gettingloction.json in Resources */ = {isa = PBXBuildFile; fileRef = 38A54D122B0F3433009E8976 /* Gettingloction.json */; };
		38A54D1E2B0F3433009E8976 /* Animation - 1700722458471.json in Resources */ = {isa = PBXBuildFile; fileRef = 38A54D132B0F3433009E8976 /* Animation - 1700722458471.json */; };
		38A54D1F2B0F3433009E8976 /* loader.json in Resources */ = {isa = PBXBuildFile; fileRef = 38A54D142B0F3433009E8976 /* loader.json */; };
		38A54D202B0F3433009E8976 /* Order.json in Resources */ = {isa = PBXBuildFile; fileRef = 38A54D152B0F3433009E8976 /* Order.json */; };
		38A54D212B0F3433009E8976 /* Call.json in Resources */ = {isa = PBXBuildFile; fileRef = 38A54D162B0F3433009E8976 /* Call.json */; };
		38A54D222B0F3433009E8976 /* OTP.json in Resources */ = {isa = PBXBuildFile; fileRef = 38A54D172B0F3433009E8976 /* OTP.json */; };
		38A54D232B0F3433009E8976 /* mobile_number.json in Resources */ = {isa = PBXBuildFile; fileRef = 38A54D182B0F3433009E8976 /* mobile_number.json */; };
		38A54D242B0F3433009E8976 /* Phonering.json in Resources */ = {isa = PBXBuildFile; fileRef = 38A54D192B0F3433009E8976 /* Phonering.json */; };
		38A54D252B0F3433009E8976 /* Msg.json in Resources */ = {isa = PBXBuildFile; fileRef = 38A54D1A2B0F3433009E8976 /* Msg.json */; };
		38A54D262B0F3433009E8976 /* order Submite.json in Resources */ = {isa = PBXBuildFile; fileRef = 38A54D1B2B0F3433009E8976 /* order Submite.json */; };
		38A54D272B0F3433009E8976 /* something_went_wrong.json in Resources */ = {isa = PBXBuildFile; fileRef = 38A54D1C2B0F3433009E8976 /* something_went_wrong.json */; };
		38A659CD2AA98E390020E543 /* Jiomoney.swift in Sources */ = {isa = PBXBuildFile; fileRef = 38A659CC2AA98E390020E543 /* Jiomoney.swift */; };
		38AA42E02AA6EC8C00B8AA10 /* MyOrdersScreen.swift in Sources */ = {isa = PBXBuildFile; fileRef = 38AA42DF2AA6EC8C00B8AA10 /* MyOrdersScreen.swift */; };
		38AA42E32AA706AF00B8AA10 /* MyOrdersDetails.swift in Sources */ = {isa = PBXBuildFile; fileRef = 38AA42E22AA706AF00B8AA10 /* MyOrdersDetails.swift */; };
		38AAC4D92AEFC49700D469DF /* S3.swift in Sources */ = {isa = PBXBuildFile; fileRef = 38AAC4D82AEFC49700D469DF /* S3.swift */; };
		38BBF9CD2B79F4DC0064F937 /* CalendarView.swift in Sources */ = {isa = PBXBuildFile; fileRef = 38BBF9CC2B79F4DC0064F937 /* CalendarView.swift */; };
		38C5A9822B95E70700EF4584 /* MasterSync.swift in Sources */ = {isa = PBXBuildFile; fileRef = 38C5A9812B95E70700EF4584 /* MasterSync.swift */; };
		38CADF362A810D9700842DC9 /* Order.swift in Sources */ = {isa = PBXBuildFile; fileRef = 38CADF352A810D9700842DC9 /* Order.swift */; };
		38CFA27B2A7CDEFB00FE5F51 /* HomePage.swift in Sources */ = {isa = PBXBuildFile; fileRef = 38CFA27A2A7CDEFB00FE5F51 /* HomePage.swift */; };
		38CFA27F2A7CFA4F00FE5F51 /* OTPVerify.swift in Sources */ = {isa = PBXBuildFile; fileRef = 38CFA27E2A7CFA4F00FE5F51 /* OTPVerify.swift */; };
		38DC8F562AD7D23200EFD572 /* GlobalFunc.swift in Sources */ = {isa = PBXBuildFile; fileRef = 38DC8F552AD7D23200EFD572 /* GlobalFunc.swift */; };
		38EEBC5B2A7A255F00AEF032 /* Sales_OrderApp.swift in Sources */ = {isa = PBXBuildFile; fileRef = 38EEBC5A2A7A255F00AEF032 /* Sales_OrderApp.swift */; };
		38EEBC5D2A7A255F00AEF032 /* ContentView.swift in Sources */ = {isa = PBXBuildFile; fileRef = 38EEBC5C2A7A255F00AEF032 /* ContentView.swift */; };
		38EEBC5F2A7A256000AEF032 /* Assets.xcassets in Resources */ = {isa = PBXBuildFile; fileRef = 38EEBC5E2A7A256000AEF032 /* Assets.xcassets */; };
		38EEBC622A7A256000AEF032 /* Preview Assets.xcassets in Resources */ = {isa = PBXBuildFile; fileRef = 38EEBC612A7A256000AEF032 /* Preview Assets.xcassets */; };
		38EEBC6C2A7A256000AEF032 /* Sales_OrderTests.swift in Sources */ = {isa = PBXBuildFile; fileRef = 38EEBC6B2A7A256000AEF032 /* Sales_OrderTests.swift */; };
		38EEBC762A7A256000AEF032 /* Sales_OrderUITests.swift in Sources */ = {isa = PBXBuildFile; fileRef = 38EEBC752A7A256000AEF032 /* Sales_OrderUITests.swift */; };
		38EEBC782A7A256000AEF032 /* Sales_OrderUITestsLaunchTests.swift in Sources */ = {isa = PBXBuildFile; fileRef = 38EEBC772A7A256000AEF032 /* Sales_OrderUITestsLaunchTests.swift */; };
		38EEBCC52A7A663200AEF032 /* Launch Screen.storyboard in Resources */ = {isa = PBXBuildFile; fileRef = 38EEBCC42A7A663200AEF032 /* Launch Screen.storyboard */; };
		3F66AB2F2CAEB144003CEF69 /* in-app updates.swift in Sources */ = {isa = PBXBuildFile; fileRef = 3F66AB2E2CAEB144003CEF69 /* in-app updates.swift */; };
		7BF972B2E2E5A3B3592BA203 /* libPods-Sales Order.a in Frameworks */ = {isa = PBXBuildFile; fileRef = BF02444C7CB236A59F80E308 /* libPods-Sales Order.a */; };
		E5F4656E514EFC0040E6C8CD /* libPods-Sales OrderTests.a in Frameworks */ = {isa = PBXBuildFile; fileRef = 308A67D43036D5F817DA2881 /* libPods-Sales OrderTests.a */; };
/* End PBXBuildFile section */

/* Begin PBXContainerItemProxy section */
		38EEBC682A7A256000AEF032 /* PBXContainerItemProxy */ = {
			isa = PBXContainerItemProxy;
			containerPortal = 38EEBC4F2A7A255F00AEF032 /* Project object */;
			proxyType = 1;
			remoteGlobalIDString = 38EEBC562A7A255F00AEF032;
			remoteInfo = "Sales Order";
		};
		38EEBC722A7A256000AEF032 /* PBXContainerItemProxy */ = {
			isa = PBXContainerItemProxy;
			containerPortal = 38EEBC4F2A7A255F00AEF032 /* Project object */;
			proxyType = 1;
			remoteGlobalIDString = 38EEBC562A7A255F00AEF032;
			remoteInfo = "Sales Order";
		};
/* End PBXContainerItemProxy section */

/* Begin PBXFileReference section */
		042E340FFEA5A0148593BA9A /* Pods-Sales Order.debug.xcconfig */ = {isa = PBXFileReference; includeInIndex = 1; lastKnownFileType = text.xcconfig; name = "Pods-Sales Order.debug.xcconfig"; path = "Target Support Files/Pods-Sales Order/Pods-Sales Order.debug.xcconfig"; sourceTree = "<group>"; };
		0B005EB0D9C5857691C5B1DE /* Pods-Sales OrderUITests.debug.xcconfig */ = {isa = PBXFileReference; includeInIndex = 1; lastKnownFileType = text.xcconfig; name = "Pods-Sales OrderUITests.debug.xcconfig"; path = "Target Support Files/Pods-Sales OrderUITests/Pods-Sales OrderUITests.debug.xcconfig"; sourceTree = "<group>"; };
		308A67D43036D5F817DA2881 /* libPods-Sales OrderTests.a */ = {isa = PBXFileReference; explicitFileType = archive.ar; includeInIndex = 0; path = "libPods-Sales OrderTests.a"; sourceTree = BUILT_PRODUCTS_DIR; };
		3801AE1A2A8A52070069B136 /* LottieUIURL.swift */ = {isa = PBXFileReference; lastKnownFileType = sourcecode.swift; path = LottieUIURL.swift; sourceTree = "<group>"; };
		3801AE272A8E17C80069B136 /* APIClient.swift */ = {isa = PBXFileReference; lastKnownFileType = sourcecode.swift; path = APIClient.swift; sourceTree = "<group>"; };
		380540322B6E0B4F00F9AAE3 /* NetworkMonitor.swift */ = {isa = PBXFileReference; lastKnownFileType = sourcecode.swift; path = NetworkMonitor.swift; sourceTree = "<group>"; };
		380540342B6E13BB00F9AAE3 /* Internet_Not_Connected.json */ = {isa = PBXFileReference; fileEncoding = 4; lastKnownFileType = text.json; path = Internet_Not_Connected.json; sourceTree = "<group>"; };
		383800462AB9A50F0058F546 /* Firebase Cloud Messaging.swift */ = {isa = PBXFileReference; lastKnownFileType = sourcecode.swift; path = "Firebase Cloud Messaging.swift"; sourceTree = "<group>"; };
		3838004B2AB9AE320058F546 /* GoogleService-Info.plist */ = {isa = PBXFileReference; fileEncoding = 4; lastKnownFileType = text.plist.xml; path = "GoogleService-Info.plist"; sourceTree = "<group>"; };
		3844996D2B76281F00FAF676 /* loader.swift */ = {isa = PBXFileReference; lastKnownFileType = sourcecode.swift; path = loader.swift; sourceTree = "<group>"; };
		38465CA12AAF2A9D009BD4F1 /* PrinterFile.swift */ = {isa = PBXFileReference; lastKnownFileType = sourcecode.swift; path = PrinterFile.swift; sourceTree = "<group>"; };
		384CB6F42A9608D4009439E5 /* VisitData.swift */ = {isa = PBXFileReference; lastKnownFileType = sourcecode.swift; path = VisitData.swift; sourceTree = "<group>"; };
		384CB6FE2A98B20A009439E5 /* LocationService.swift */ = {isa = PBXFileReference; lastKnownFileType = sourcecode.swift; path = LocationService.swift; sourceTree = "<group>"; };
		384CB7002A98B5B1009439E5 /* Loctionfile.swift */ = {isa = PBXFileReference; lastKnownFileType = sourcecode.swift; path = Loctionfile.swift; sourceTree = "<group>"; };
		384CB7022A99F794009439E5 /* Sales-Order-Info.plist */ = {isa = PBXFileReference; lastKnownFileType = text.plist; path = "Sales-Order-Info.plist"; sourceTree = SOURCE_ROOT; };
		384CB7032A99FABA009439E5 /* DeviceLocationService.swift */ = {isa = PBXFileReference; lastKnownFileType = sourcecode.swift; path = DeviceLocationService.swift; sourceTree = "<group>"; };
		38595AE62A8A3DFB005EB704 /* LottieUIView.swift */ = {isa = PBXFileReference; lastKnownFileType = sourcecode.swift; path = LottieUIView.swift; sourceTree = "<group>"; };
		386AB3152AB1D3EA00FF49D2 /* My Profile.swift */ = {isa = PBXFileReference; lastKnownFileType = sourcecode.swift; path = "My Profile.swift"; sourceTree = "<group>"; };
		386AB3172AB1D49B00FF49D2 /* Feedback.swift */ = {isa = PBXFileReference; lastKnownFileType = sourcecode.swift; path = Feedback.swift; sourceTree = "<group>"; };
		387E0E842A85F7A600FEACBA /* Showtoast.swift */ = {isa = PBXFileReference; lastKnownFileType = sourcecode.swift; path = Showtoast.swift; sourceTree = "<group>"; };
		3894EFB32AA9D3ED0037EA45 /* ColorFile.swift */ = {isa = PBXFileReference; lastKnownFileType = sourcecode.swift; path = ColorFile.swift; sourceTree = "<group>"; };
		3894EFB52AA9D4D40037EA45 /* PaymentScreen.swift */ = {isa = PBXFileReference; lastKnownFileType = sourcecode.swift; path = PaymentScreen.swift; sourceTree = "<group>"; };
		3894EFB72AAAF7A30037EA45 /* Complaint_and_Feedback_Screen.swift */ = {isa = PBXFileReference; lastKnownFileType = sourcecode.swift; path = Complaint_and_Feedback_Screen.swift; sourceTree = "<group>"; };
		389AA9062B7CB86000060DA9 /* UserSetup.swift */ = {isa = PBXFileReference; lastKnownFileType = sourcecode.swift; path = UserSetup.swift; sourceTree = "<group>"; };
		389B99B72B12032D00A53B42 /* NoOreder.json */ = {isa = PBXFileReference; fileEncoding = 4; lastKnownFileType = text.json; path = NoOreder.json; sourceTree = "<group>"; };
		38A265FF2B6D12EF00336994 /* Poppins-Black.ttf */ = {isa = PBXFileReference; lastKnownFileType = file; path = "Poppins-Black.ttf"; sourceTree = "<group>"; };
		38A266012B6D12FD00336994 /* Poppins-BlackItalic.ttf */ = {isa = PBXFileReference; lastKnownFileType = file; path = "Poppins-BlackItalic.ttf"; sourceTree = "<group>"; };
		38A266032B6D130600336994 /* Poppins-Bold.ttf */ = {isa = PBXFileReference; lastKnownFileType = file; path = "Poppins-Bold.ttf"; sourceTree = "<group>"; };
		38A266052B6D130B00336994 /* Poppins-BoldItalic.ttf */ = {isa = PBXFileReference; lastKnownFileType = file; path = "Poppins-BoldItalic.ttf"; sourceTree = "<group>"; };
		38A266072B6D131900336994 /* Poppins-ExtraBold.ttf */ = {isa = PBXFileReference; lastKnownFileType = file; path = "Poppins-ExtraBold.ttf"; sourceTree = "<group>"; };
		38A266092B6D132000336994 /* Poppins-ExtraBoldItalic.ttf */ = {isa = PBXFileReference; lastKnownFileType = file; path = "Poppins-ExtraBoldItalic.ttf"; sourceTree = "<group>"; };
		38A2660B2B6D132D00336994 /* Poppins-ExtraLight.ttf */ = {isa = PBXFileReference; lastKnownFileType = file; path = "Poppins-ExtraLight.ttf"; sourceTree = "<group>"; };
		38A2660D2B6D133200336994 /* Poppins-ExtraLightItalic.ttf */ = {isa = PBXFileReference; lastKnownFileType = file; path = "Poppins-ExtraLightItalic.ttf"; sourceTree = "<group>"; };
		38A2660F2B6D133F00336994 /* Poppins-Italic.ttf */ = {isa = PBXFileReference; lastKnownFileType = file; path = "Poppins-Italic.ttf"; sourceTree = "<group>"; };
		38A266112B6D134600336994 /* Poppins-Light.ttf */ = {isa = PBXFileReference; lastKnownFileType = file; path = "Poppins-Light.ttf"; sourceTree = "<group>"; };
		38A266132B6D134D00336994 /* Poppins-LightItalic.ttf */ = {isa = PBXFileReference; lastKnownFileType = file; path = "Poppins-LightItalic.ttf"; sourceTree = "<group>"; };
		38A266152B6D135500336994 /* Poppins-Medium.ttf */ = {isa = PBXFileReference; lastKnownFileType = file; path = "Poppins-Medium.ttf"; sourceTree = "<group>"; };
		38A266172B6D135D00336994 /* Poppins-MediumItalic.ttf */ = {isa = PBXFileReference; lastKnownFileType = file; path = "Poppins-MediumItalic.ttf"; sourceTree = "<group>"; };
		38A266192B6D136700336994 /* Poppins-Regular.ttf */ = {isa = PBXFileReference; lastKnownFileType = file; path = "Poppins-Regular.ttf"; sourceTree = "<group>"; };
		38A2661B2B6D136F00336994 /* Poppins-SemiBold.ttf */ = {isa = PBXFileReference; lastKnownFileType = file; path = "Poppins-SemiBold.ttf"; sourceTree = "<group>"; };
		38A2661D2B6D137500336994 /* Poppins-SemiBoldItalic.ttf */ = {isa = PBXFileReference; lastKnownFileType = file; path = "Poppins-SemiBoldItalic.ttf"; sourceTree = "<group>"; };
		38A2661F2B6D137B00336994 /* Poppins-Thin.ttf */ = {isa = PBXFileReference; lastKnownFileType = file; path = "Poppins-Thin.ttf"; sourceTree = "<group>"; };
		38A266212B6D138000336994 /* Poppins-ThinItalic.ttf */ = {isa = PBXFileReference; lastKnownFileType = file; path = "Poppins-ThinItalic.ttf"; sourceTree = "<group>"; };
		38A54D122B0F3433009E8976 /* Gettingloction.json */ = {isa = PBXFileReference; fileEncoding = 4; lastKnownFileType = text.json; path = Gettingloction.json; sourceTree = "<group>"; };
		38A54D132B0F3433009E8976 /* Animation - 1700722458471.json */ = {isa = PBXFileReference; fileEncoding = 4; lastKnownFileType = text.json; path = "Animation - 1700722458471.json"; sourceTree = "<group>"; };
		38A54D142B0F3433009E8976 /* loader.json */ = {isa = PBXFileReference; fileEncoding = 4; lastKnownFileType = text.json; path = loader.json; sourceTree = "<group>"; };
		38A54D152B0F3433009E8976 /* Order.json */ = {isa = PBXFileReference; fileEncoding = 4; lastKnownFileType = text.json; path = Order.json; sourceTree = "<group>"; };
		38A54D162B0F3433009E8976 /* Call.json */ = {isa = PBXFileReference; fileEncoding = 4; lastKnownFileType = text.json; path = Call.json; sourceTree = "<group>"; };
		38A54D172B0F3433009E8976 /* OTP.json */ = {isa = PBXFileReference; fileEncoding = 4; lastKnownFileType = text.json; path = OTP.json; sourceTree = "<group>"; };
		38A54D182B0F3433009E8976 /* mobile_number.json */ = {isa = PBXFileReference; fileEncoding = 4; lastKnownFileType = text.json; path = mobile_number.json; sourceTree = "<group>"; };
		38A54D192B0F3433009E8976 /* Phonering.json */ = {isa = PBXFileReference; fileEncoding = 4; lastKnownFileType = text.json; path = Phonering.json; sourceTree = "<group>"; };
		38A54D1A2B0F3433009E8976 /* Msg.json */ = {isa = PBXFileReference; fileEncoding = 4; lastKnownFileType = text.json; path = Msg.json; sourceTree = "<group>"; };
		38A54D1B2B0F3433009E8976 /* order Submite.json */ = {isa = PBXFileReference; fileEncoding = 4; lastKnownFileType = text.json; path = "order Submite.json"; sourceTree = "<group>"; };
		38A54D1C2B0F3433009E8976 /* something_went_wrong.json */ = {isa = PBXFileReference; fileEncoding = 4; lastKnownFileType = text.json; path = something_went_wrong.json; sourceTree = "<group>"; };
		38A659CC2AA98E390020E543 /* Jiomoney.swift */ = {isa = PBXFileReference; lastKnownFileType = sourcecode.swift; path = Jiomoney.swift; sourceTree = "<group>"; };
		38AA42DF2AA6EC8C00B8AA10 /* MyOrdersScreen.swift */ = {isa = PBXFileReference; lastKnownFileType = sourcecode.swift; path = MyOrdersScreen.swift; sourceTree = "<group>"; };
		38AA42E22AA706AF00B8AA10 /* MyOrdersDetails.swift */ = {isa = PBXFileReference; lastKnownFileType = sourcecode.swift; path = MyOrdersDetails.swift; sourceTree = "<group>"; };
		38AAC4D82AEFC49700D469DF /* S3.swift */ = {isa = PBXFileReference; lastKnownFileType = sourcecode.swift; path = S3.swift; sourceTree = "<group>"; };
		38BBF9CC2B79F4DC0064F937 /* CalendarView.swift */ = {isa = PBXFileReference; lastKnownFileType = sourcecode.swift; path = CalendarView.swift; sourceTree = "<group>"; };
		38C5A9812B95E70700EF4584 /* MasterSync.swift */ = {isa = PBXFileReference; lastKnownFileType = sourcecode.swift; path = MasterSync.swift; sourceTree = "<group>"; };
		38CADF352A810D9700842DC9 /* Order.swift */ = {isa = PBXFileReference; lastKnownFileType = sourcecode.swift; path = Order.swift; sourceTree = "<group>"; };
		38CFA27A2A7CDEFB00FE5F51 /* HomePage.swift */ = {isa = PBXFileReference; lastKnownFileType = sourcecode.swift; path = HomePage.swift; sourceTree = "<group>"; };
		38CFA27E2A7CFA4F00FE5F51 /* OTPVerify.swift */ = {isa = PBXFileReference; lastKnownFileType = sourcecode.swift; path = OTPVerify.swift; sourceTree = "<group>"; };
		38DC8F552AD7D23200EFD572 /* GlobalFunc.swift */ = {isa = PBXFileReference; lastKnownFileType = sourcecode.swift; path = GlobalFunc.swift; sourceTree = "<group>"; };
		38EEBC572A7A255F00AEF032 /* Sales Order.app */ = {isa = PBXFileReference; explicitFileType = wrapper.application; includeInIndex = 0; path = "Sales Order.app"; sourceTree = BUILT_PRODUCTS_DIR; };
		38EEBC5A2A7A255F00AEF032 /* Sales_OrderApp.swift */ = {isa = PBXFileReference; lastKnownFileType = sourcecode.swift; path = Sales_OrderApp.swift; sourceTree = "<group>"; };
		38EEBC5C2A7A255F00AEF032 /* ContentView.swift */ = {isa = PBXFileReference; lastKnownFileType = sourcecode.swift; path = ContentView.swift; sourceTree = "<group>"; };
		38EEBC5E2A7A256000AEF032 /* Assets.xcassets */ = {isa = PBXFileReference; lastKnownFileType = folder.assetcatalog; path = Assets.xcassets; sourceTree = "<group>"; };
		38EEBC612A7A256000AEF032 /* Preview Assets.xcassets */ = {isa = PBXFileReference; lastKnownFileType = folder.assetcatalog; path = "Preview Assets.xcassets"; sourceTree = "<group>"; };
		38EEBC672A7A256000AEF032 /* Sales OrderTests.xctest */ = {isa = PBXFileReference; explicitFileType = wrapper.cfbundle; includeInIndex = 0; path = "Sales OrderTests.xctest"; sourceTree = BUILT_PRODUCTS_DIR; };
		38EEBC6B2A7A256000AEF032 /* Sales_OrderTests.swift */ = {isa = PBXFileReference; lastKnownFileType = sourcecode.swift; path = Sales_OrderTests.swift; sourceTree = "<group>"; };
		38EEBC712A7A256000AEF032 /* Sales OrderUITests.xctest */ = {isa = PBXFileReference; explicitFileType = wrapper.cfbundle; includeInIndex = 0; path = "Sales OrderUITests.xctest"; sourceTree = BUILT_PRODUCTS_DIR; };
		38EEBC752A7A256000AEF032 /* Sales_OrderUITests.swift */ = {isa = PBXFileReference; lastKnownFileType = sourcecode.swift; path = Sales_OrderUITests.swift; sourceTree = "<group>"; };
		38EEBC772A7A256000AEF032 /* Sales_OrderUITestsLaunchTests.swift */ = {isa = PBXFileReference; lastKnownFileType = sourcecode.swift; path = Sales_OrderUITestsLaunchTests.swift; sourceTree = "<group>"; };
		38EEBCC42A7A663200AEF032 /* Launch Screen.storyboard */ = {isa = PBXFileReference; lastKnownFileType = file.storyboard; path = "Launch Screen.storyboard"; sourceTree = "<group>"; };
		3F66AB2E2CAEB144003CEF69 /* in-app updates.swift */ = {isa = PBXFileReference; lastKnownFileType = sourcecode.swift; path = "in-app updates.swift"; sourceTree = "<group>"; };
		4ECFA6E08B76CE03375DBEF1 /* libPods-Sales OrderUITests.a */ = {isa = PBXFileReference; explicitFileType = archive.ar; includeInIndex = 0; path = "libPods-Sales OrderUITests.a"; sourceTree = BUILT_PRODUCTS_DIR; };
		508DE0D650109324E0271AE2 /* Pods-Sales Order.release.xcconfig */ = {isa = PBXFileReference; includeInIndex = 1; lastKnownFileType = text.xcconfig; name = "Pods-Sales Order.release.xcconfig"; path = "Target Support Files/Pods-Sales Order/Pods-Sales Order.release.xcconfig"; sourceTree = "<group>"; };
		A8870ADAAC2AE985DA866047 /* Pods-Sales OrderTests.debug.xcconfig */ = {isa = PBXFileReference; includeInIndex = 1; lastKnownFileType = text.xcconfig; name = "Pods-Sales OrderTests.debug.xcconfig"; path = "Target Support Files/Pods-Sales OrderTests/Pods-Sales OrderTests.debug.xcconfig"; sourceTree = "<group>"; };
		BF02444C7CB236A59F80E308 /* libPods-Sales Order.a */ = {isa = PBXFileReference; explicitFileType = archive.ar; includeInIndex = 0; path = "libPods-Sales Order.a"; sourceTree = BUILT_PRODUCTS_DIR; };
		D5F77EA1EA074D85D162126C /* Pods-Sales OrderUITests.release.xcconfig */ = {isa = PBXFileReference; includeInIndex = 1; lastKnownFileType = text.xcconfig; name = "Pods-Sales OrderUITests.release.xcconfig"; path = "Target Support Files/Pods-Sales OrderUITests/Pods-Sales OrderUITests.release.xcconfig"; sourceTree = "<group>"; };
		F290E58552D1B36F11B1A801 /* Pods-Sales OrderTests.release.xcconfig */ = {isa = PBXFileReference; includeInIndex = 1; lastKnownFileType = text.xcconfig; name = "Pods-Sales OrderTests.release.xcconfig"; path = "Target Support Files/Pods-Sales OrderTests/Pods-Sales OrderTests.release.xcconfig"; sourceTree = "<group>"; };
/* End PBXFileReference section */

/* Begin PBXFrameworksBuildPhase section */
		38EEBC542A7A255F00AEF032 /* Frameworks */ = {
			isa = PBXFrameworksBuildPhase;
			buildActionMask = 2147483647;
			files = (
				387E0E7E2A85F5CF00FEACBA /* SimpleToast in Frameworks */,
				387E0E7B2A84F7C000FEACBA /* Alamofire in Frameworks */,
				38A3AECA2A8A1EFF00A4C826 /* Lottie in Frameworks */,
				3860A79D2B0334E20067B583 /* URLImage in Frameworks */,
				7BF972B2E2E5A3B3592BA203 /* libPods-Sales Order.a in Frameworks */,
			);
			runOnlyForDeploymentPostprocessing = 0;
		};
		38EEBC642A7A256000AEF032 /* Frameworks */ = {
			isa = PBXFrameworksBuildPhase;
			buildActionMask = 2147483647;
			files = (
				E5F4656E514EFC0040E6C8CD /* libPods-Sales OrderTests.a in Frameworks */,
			);
			runOnlyForDeploymentPostprocessing = 0;
		};
		38EEBC6E2A7A256000AEF032 /* Frameworks */ = {
			isa = PBXFrameworksBuildPhase;
			buildActionMask = 2147483647;
			files = (
				2EC4D95DC001D6144D6D4296 /* libPods-Sales OrderUITests.a in Frameworks */,
			);
			runOnlyForDeploymentPostprocessing = 0;
		};
/* End PBXFrameworksBuildPhase section */

/* Begin PBXGroup section */
		094860FF6A041F3A67586A6F /* Pods */ = {
			isa = PBXGroup;
			children = (
				042E340FFEA5A0148593BA9A /* Pods-Sales Order.debug.xcconfig */,
				508DE0D650109324E0271AE2 /* Pods-Sales Order.release.xcconfig */,
				A8870ADAAC2AE985DA866047 /* Pods-Sales OrderTests.debug.xcconfig */,
				F290E58552D1B36F11B1A801 /* Pods-Sales OrderTests.release.xcconfig */,
				0B005EB0D9C5857691C5B1DE /* Pods-Sales OrderUITests.debug.xcconfig */,
				D5F77EA1EA074D85D162126C /* Pods-Sales OrderUITests.release.xcconfig */,
			);
			path = Pods;
			sourceTree = "<group>";
		};
		3801AE1E2A8C8A700069B136 /* Lottie */ = {
			isa = PBXGroup;
			children = (
				38A54D132B0F3433009E8976 /* Animation - 1700722458471.json */,
				38A54D162B0F3433009E8976 /* Call.json */,
				38A54D122B0F3433009E8976 /* Gettingloction.json */,
				38A54D142B0F3433009E8976 /* loader.json */,
				38A54D182B0F3433009E8976 /* mobile_number.json */,
				38A54D1A2B0F3433009E8976 /* Msg.json */,
				38A54D1B2B0F3433009E8976 /* order Submite.json */,
				38A54D152B0F3433009E8976 /* Order.json */,
				38A54D172B0F3433009E8976 /* OTP.json */,
				38A54D192B0F3433009E8976 /* Phonering.json */,
				38A54D1C2B0F3433009E8976 /* something_went_wrong.json */,
				389B99B72B12032D00A53B42 /* NoOreder.json */,
				380540342B6E13BB00F9AAE3 /* Internet_Not_Connected.json */,
			);
			path = Lottie;
			sourceTree = "<group>";
		};
		3805402F2B6E058400F9AAE3 /* Service */ = {
			isa = PBXGroup;
			children = (
				3801AE1E2A8C8A700069B136 /* Lottie */,
				380540322B6E0B4F00F9AAE3 /* NetworkMonitor.swift */,
				384CB6FE2A98B20A009439E5 /* LocationService.swift */,
				384CB7032A99FABA009439E5 /* DeviceLocationService.swift */,
				383800462AB9A50F0058F546 /* Firebase Cloud Messaging.swift */,
				38AAC4D82AEFC49700D469DF /* S3.swift */,
				38595AE62A8A3DFB005EB704 /* LottieUIView.swift */,
				3801AE1A2A8A52070069B136 /* LottieUIURL.swift */,
				38BBF9CC2B79F4DC0064F937 /* CalendarView.swift */,
			);
			path = Service;
			sourceTree = "<group>";
		};
		387E0E7F2A85F62A00FEACBA /* common file */ = {
			isa = PBXGroup;
			children = (
				387E0E842A85F7A600FEACBA /* Showtoast.swift */,
				384CB6F42A9608D4009439E5 /* VisitData.swift */,
				384CB7002A98B5B1009439E5 /* Loctionfile.swift */,
				3801AE272A8E17C80069B136 /* APIClient.swift */,
				3894EFB32AA9D3ED0037EA45 /* ColorFile.swift */,
				38465CA12AAF2A9D009BD4F1 /* PrinterFile.swift */,
				38DC8F552AD7D23200EFD572 /* GlobalFunc.swift */,
				3844996D2B76281F00FAF676 /* loader.swift */,
				389AA9062B7CB86000060DA9 /* UserSetup.swift */,
				3F66AB2E2CAEB144003CEF69 /* in-app updates.swift */,
			);
			path = "common file";
			sourceTree = "<group>";
		};
		38A265FE2B6D129500336994 /* Font */ = {
			isa = PBXGroup;
			children = (
				38A265FF2B6D12EF00336994 /* Poppins-Black.ttf */,
				38A266012B6D12FD00336994 /* Poppins-BlackItalic.ttf */,
				38A266032B6D130600336994 /* Poppins-Bold.ttf */,
				38A266052B6D130B00336994 /* Poppins-BoldItalic.ttf */,
				38A266072B6D131900336994 /* Poppins-ExtraBold.ttf */,
				38A266092B6D132000336994 /* Poppins-ExtraBoldItalic.ttf */,
				38A2660B2B6D132D00336994 /* Poppins-ExtraLight.ttf */,
				38A2660D2B6D133200336994 /* Poppins-ExtraLightItalic.ttf */,
				38A2660F2B6D133F00336994 /* Poppins-Italic.ttf */,
				38A266112B6D134600336994 /* Poppins-Light.ttf */,
				38A266132B6D134D00336994 /* Poppins-LightItalic.ttf */,
				38A266152B6D135500336994 /* Poppins-Medium.ttf */,
				38A266172B6D135D00336994 /* Poppins-MediumItalic.ttf */,
				38A266192B6D136700336994 /* Poppins-Regular.ttf */,
				38A2661B2B6D136F00336994 /* Poppins-SemiBold.ttf */,
				38A2661D2B6D137500336994 /* Poppins-SemiBoldItalic.ttf */,
				38A2661F2B6D137B00336994 /* Poppins-Thin.ttf */,
				38A266212B6D138000336994 /* Poppins-ThinItalic.ttf */,
			);
			path = Font;
			sourceTree = "<group>";
		};
		38A659CB2AA98E260020E543 /* Payment */ = {
			isa = PBXGroup;
			children = (
				38A659CC2AA98E390020E543 /* Jiomoney.swift */,
				3894EFB52AA9D4D40037EA45 /* PaymentScreen.swift */,
			);
			path = Payment;
			sourceTree = "<group>";
		};
		38AA42E12AA7066300B8AA10 /* MyOrdersDet */ = {
			isa = PBXGroup;
			children = (
				38AA42DF2AA6EC8C00B8AA10 /* MyOrdersScreen.swift */,
				3894EFB72AAAF7A30037EA45 /* Complaint_and_Feedback_Screen.swift */,
			);
			path = MyOrdersDet;
			sourceTree = "<group>";
		};
		38CADF342A810D8400842DC9 /* Activity */ = {
			isa = PBXGroup;
			children = (
				38CADF352A810D9700842DC9 /* Order.swift */,
			);
			path = Activity;
			sourceTree = "<group>";
		};
		38EEBC4E2A7A255F00AEF032 = {
			isa = PBXGroup;
			children = (
				38EEBC592A7A255F00AEF032 /* Sales Order */,
				38EEBC6A2A7A256000AEF032 /* Sales OrderTests */,
				38EEBC742A7A256000AEF032 /* Sales OrderUITests */,
				38EEBC582A7A255F00AEF032 /* Products */,
				094860FF6A041F3A67586A6F /* Pods */,
				C939F5FB31966F6577BD538C /* Frameworks */,
			);
			sourceTree = "<group>";
		};
		38EEBC582A7A255F00AEF032 /* Products */ = {
			isa = PBXGroup;
			children = (
				38EEBC572A7A255F00AEF032 /* Sales Order.app */,
				38EEBC672A7A256000AEF032 /* Sales OrderTests.xctest */,
				38EEBC712A7A256000AEF032 /* Sales OrderUITests.xctest */,
			);
			name = Products;
			sourceTree = "<group>";
		};
		38EEBC592A7A255F00AEF032 /* Sales Order */ = {
			isa = PBXGroup;
			children = (
				387E0E7F2A85F62A00FEACBA /* common file */,
				38A659CB2AA98E260020E543 /* Payment */,
				38CADF342A810D8400842DC9 /* Activity */,
				38AA42E12AA7066300B8AA10 /* MyOrdersDet */,
				38FF06E52B7240510030D82F /* Reports */,
				3805402F2B6E058400F9AAE3 /* Service */,
				38EEBC5A2A7A255F00AEF032 /* Sales_OrderApp.swift */,
				38EEBC5C2A7A255F00AEF032 /* ContentView.swift */,
				38EEBCC42A7A663200AEF032 /* Launch Screen.storyboard */,
				38EEBC5E2A7A256000AEF032 /* Assets.xcassets */,
				3838004B2AB9AE320058F546 /* GoogleService-Info.plist */,
				384CB7022A99F794009439E5 /* Sales-Order-Info.plist */,
				38EEBC602A7A256000AEF032 /* Preview Content */,
				38CFA27A2A7CDEFB00FE5F51 /* HomePage.swift */,
				38CFA27E2A7CFA4F00FE5F51 /* OTPVerify.swift */,
				386AB3152AB1D3EA00FF49D2 /* My Profile.swift */,
				386AB3172AB1D49B00FF49D2 /* Feedback.swift */,
				38C5A9812B95E70700EF4584 /* MasterSync.swift */,
				38A265FE2B6D129500336994 /* Font */,
			);
			path = "Sales Order";
			sourceTree = "<group>";
		};
		38EEBC602A7A256000AEF032 /* Preview Content */ = {
			isa = PBXGroup;
			children = (
				38EEBC612A7A256000AEF032 /* Preview Assets.xcassets */,
			);
			path = "Preview Content";
			sourceTree = "<group>";
		};
		38EEBC6A2A7A256000AEF032 /* Sales OrderTests */ = {
			isa = PBXGroup;
			children = (
				38EEBC6B2A7A256000AEF032 /* Sales_OrderTests.swift */,
			);
			path = "Sales OrderTests";
			sourceTree = "<group>";
		};
		38EEBC742A7A256000AEF032 /* Sales OrderUITests */ = {
			isa = PBXGroup;
			children = (
				38EEBC752A7A256000AEF032 /* Sales_OrderUITests.swift */,
				38EEBC772A7A256000AEF032 /* Sales_OrderUITestsLaunchTests.swift */,
			);
			path = "Sales OrderUITests";
			sourceTree = "<group>";
		};
		38FF06E52B7240510030D82F /* Reports */ = {
			isa = PBXGroup;
			children = (
				38AA42E22AA706AF00B8AA10 /* MyOrdersDetails.swift */,
			);
			path = Reports;
			sourceTree = "<group>";
		};
		C939F5FB31966F6577BD538C /* Frameworks */ = {
			isa = PBXGroup;
			children = (
				BF02444C7CB236A59F80E308 /* libPods-Sales Order.a */,
				308A67D43036D5F817DA2881 /* libPods-Sales OrderTests.a */,
				4ECFA6E08B76CE03375DBEF1 /* libPods-Sales OrderUITests.a */,
			);
			name = Frameworks;
			sourceTree = "<group>";
		};
/* End PBXGroup section */

/* Begin PBXNativeTarget section */
		38EEBC562A7A255F00AEF032 /* Sales Order */ = {
			isa = PBXNativeTarget;
			buildConfigurationList = 38EEBC7B2A7A256000AEF032 /* Build configuration list for PBXNativeTarget "Sales Order" */;
			buildPhases = (
				3071ED3DAC28FDB346C991C3 /* [CP] Check Pods Manifest.lock */,
				38EEBC532A7A255F00AEF032 /* Sources */,
				38EEBC542A7A255F00AEF032 /* Frameworks */,
				38EEBC552A7A255F00AEF032 /* Resources */,
				CBE16A47D75B52A3F0921B94 /* [CP] Copy Pods Resources */,
			);
			buildRules = (
			);
			dependencies = (
			);
			name = "Sales Order";
			packageProductDependencies = (
				387E0E7A2A84F7C000FEACBA /* Alamofire */,
				387E0E7D2A85F5CF00FEACBA /* SimpleToast */,
				38A3AEC92A8A1EFF00A4C826 /* Lottie */,
				3860A79C2B0334E20067B583 /* URLImage */,
			);
			productName = "Sales Order";
			productReference = 38EEBC572A7A255F00AEF032 /* Sales Order.app */;
			productType = "com.apple.product-type.application";
		};
		38EEBC662A7A256000AEF032 /* Sales OrderTests */ = {
			isa = PBXNativeTarget;
			buildConfigurationList = 38EEBC7E2A7A256000AEF032 /* Build configuration list for PBXNativeTarget "Sales OrderTests" */;
			buildPhases = (
				D3C04CB5DF5FEF3CA2D96414 /* [CP] Check Pods Manifest.lock */,
				38EEBC632A7A256000AEF032 /* Sources */,
				38EEBC642A7A256000AEF032 /* Frameworks */,
				38EEBC652A7A256000AEF032 /* Resources */,
			);
			buildRules = (
			);
			dependencies = (
				38EEBC692A7A256000AEF032 /* PBXTargetDependency */,
			);
			name = "Sales OrderTests";
			productName = "Sales OrderTests";
			productReference = 38EEBC672A7A256000AEF032 /* Sales OrderTests.xctest */;
			productType = "com.apple.product-type.bundle.unit-test";
		};
		38EEBC702A7A256000AEF032 /* Sales OrderUITests */ = {
			isa = PBXNativeTarget;
			buildConfigurationList = 38EEBC812A7A256000AEF032 /* Build configuration list for PBXNativeTarget "Sales OrderUITests" */;
			buildPhases = (
				92989CFB587B4F23A53CF81A /* [CP] Check Pods Manifest.lock */,
				38EEBC6D2A7A256000AEF032 /* Sources */,
				38EEBC6E2A7A256000AEF032 /* Frameworks */,
				38EEBC6F2A7A256000AEF032 /* Resources */,
			);
			buildRules = (
			);
			dependencies = (
				38EEBC732A7A256000AEF032 /* PBXTargetDependency */,
			);
			name = "Sales OrderUITests";
			productName = "Sales OrderUITests";
			productReference = 38EEBC712A7A256000AEF032 /* Sales OrderUITests.xctest */;
			productType = "com.apple.product-type.bundle.ui-testing";
		};
/* End PBXNativeTarget section */

/* Begin PBXProject section */
		38EEBC4F2A7A255F00AEF032 /* Project object */ = {
			isa = PBXProject;
			attributes = {
				BuildIndependentTargetsInParallel = 1;
				LastSwiftUpdateCheck = 1420;
				LastUpgradeCheck = 1420;
				TargetAttributes = {
					38EEBC562A7A255F00AEF032 = {
						CreatedOnToolsVersion = 14.2;
					};
					38EEBC662A7A256000AEF032 = {
						CreatedOnToolsVersion = 14.2;
						TestTargetID = 38EEBC562A7A255F00AEF032;
					};
					38EEBC702A7A256000AEF032 = {
						CreatedOnToolsVersion = 14.2;
						TestTargetID = 38EEBC562A7A255F00AEF032;
					};
				};
			};
			buildConfigurationList = 38EEBC522A7A255F00AEF032 /* Build configuration list for PBXProject "Sales Order" */;
			compatibilityVersion = "Xcode 14.0";
			developmentRegion = en;
			hasScannedForEncodings = 0;
			knownRegions = (
				en,
				Base,
			);
			mainGroup = 38EEBC4E2A7A255F00AEF032;
			packageReferences = (
				387E0E792A84F7C000FEACBA /* XCRemoteSwiftPackageReference "Alamofire" */,
				387E0E7C2A85F5CF00FEACBA /* XCRemoteSwiftPackageReference "SimpleToast" */,
				38A3AEC82A8A1EFF00A4C826 /* XCRemoteSwiftPackageReference "lottie-ios" */,
				3860A79B2B0334E20067B583 /* XCRemoteSwiftPackageReference "url-image" */,
			);
			productRefGroup = 38EEBC582A7A255F00AEF032 /* Products */;
			projectDirPath = "";
			projectRoot = "";
			targets = (
				38EEBC562A7A255F00AEF032 /* Sales Order */,
				38EEBC662A7A256000AEF032 /* Sales OrderTests */,
				38EEBC702A7A256000AEF032 /* Sales OrderUITests */,
			);
		};
/* End PBXProject section */

/* Begin PBXResourcesBuildPhase section */
		38EEBC552A7A255F00AEF032 /* Resources */ = {
			isa = PBXResourcesBuildPhase;
			buildActionMask = 2147483647;
			files = (
				38A2660E2B6D133200336994 /* Poppins-ExtraLightItalic.ttf in Resources */,
				38A266162B6D135500336994 /* Poppins-Medium.ttf in Resources */,
				38A266122B6D134600336994 /* Poppins-Light.ttf in Resources */,
				38EEBCC52A7A663200AEF032 /* Launch Screen.storyboard in Resources */,
				380540352B6E13BB00F9AAE3 /* Internet_Not_Connected.json in Resources */,
				38A266002B6D12EF00336994 /* Poppins-Black.ttf in Resources */,
				38A266222B6D138000336994 /* Poppins-ThinItalic.ttf in Resources */,
				38A54D1E2B0F3433009E8976 /* Animation - 1700722458471.json in Resources */,
				38EEBC622A7A256000AEF032 /* Preview Assets.xcassets in Resources */,
				389B99B82B12032D00A53B42 /* NoOreder.json in Resources */,
				38A266182B6D135D00336994 /* Poppins-MediumItalic.ttf in Resources */,
				38A266202B6D137B00336994 /* Poppins-Thin.ttf in Resources */,
				38A2661A2B6D136700336994 /* Poppins-Regular.ttf in Resources */,
				38A54D272B0F3433009E8976 /* something_went_wrong.json in Resources */,
				38A2660A2B6D132000336994 /* Poppins-ExtraBoldItalic.ttf in Resources */,
				38A266042B6D130600336994 /* Poppins-Bold.ttf in Resources */,
				38A54D262B0F3433009E8976 /* order Submite.json in Resources */,
				38A54D1F2B0F3433009E8976 /* loader.json in Resources */,
				38A54D242B0F3433009E8976 /* Phonering.json in Resources */,
				38A2660C2B6D132D00336994 /* Poppins-ExtraLight.ttf in Resources */,
				38A2661E2B6D137500336994 /* Poppins-SemiBoldItalic.ttf in Resources */,
				38A266082B6D131900336994 /* Poppins-ExtraBold.ttf in Resources */,
				38EEBC5F2A7A256000AEF032 /* Assets.xcassets in Resources */,
				38A54D212B0F3433009E8976 /* Call.json in Resources */,
				38A54D1D2B0F3433009E8976 /* Gettingloction.json in Resources */,
				38A54D202B0F3433009E8976 /* Order.json in Resources */,
				38A266102B6D133F00336994 /* Poppins-Italic.ttf in Resources */,
				38A54D252B0F3433009E8976 /* Msg.json in Resources */,
				3838004C2AB9AE320058F546 /* GoogleService-Info.plist in Resources */,
				38A2661C2B6D136F00336994 /* Poppins-SemiBold.ttf in Resources */,
				38A54D222B0F3433009E8976 /* OTP.json in Resources */,
				38A266022B6D12FD00336994 /* Poppins-BlackItalic.ttf in Resources */,
				38A54D232B0F3433009E8976 /* mobile_number.json in Resources */,
				38A266142B6D134D00336994 /* Poppins-LightItalic.ttf in Resources */,
				38A266062B6D130B00336994 /* Poppins-BoldItalic.ttf in Resources */,
			);
			runOnlyForDeploymentPostprocessing = 0;
		};
		38EEBC652A7A256000AEF032 /* Resources */ = {
			isa = PBXResourcesBuildPhase;
			buildActionMask = 2147483647;
			files = (
			);
			runOnlyForDeploymentPostprocessing = 0;
		};
		38EEBC6F2A7A256000AEF032 /* Resources */ = {
			isa = PBXResourcesBuildPhase;
			buildActionMask = 2147483647;
			files = (
			);
			runOnlyForDeploymentPostprocessing = 0;
		};
/* End PBXResourcesBuildPhase section */

/* Begin PBXShellScriptBuildPhase section */
		3071ED3DAC28FDB346C991C3 /* [CP] Check Pods Manifest.lock */ = {
			isa = PBXShellScriptBuildPhase;
			buildActionMask = 2147483647;
			files = (
			);
			inputFileListPaths = (
			);
			inputPaths = (
				"${PODS_PODFILE_DIR_PATH}/Podfile.lock",
				"${PODS_ROOT}/Manifest.lock",
			);
			name = "[CP] Check Pods Manifest.lock";
			outputFileListPaths = (
			);
			outputPaths = (
				"$(DERIVED_FILE_DIR)/Pods-Sales Order-checkManifestLockResult.txt",
			);
			runOnlyForDeploymentPostprocessing = 0;
			shellPath = /bin/sh;
			shellScript = "diff \"${PODS_PODFILE_DIR_PATH}/Podfile.lock\" \"${PODS_ROOT}/Manifest.lock\" > /dev/null\nif [ $? != 0 ] ; then\n    # print error to STDERR\n    echo \"error: The sandbox is not in sync with the Podfile.lock. Run 'pod install' or update your CocoaPods installation.\" >&2\n    exit 1\nfi\n# This output is used by Xcode 'outputs' to avoid re-running this script phase.\necho \"SUCCESS\" > \"${SCRIPT_OUTPUT_FILE_0}\"\n";
			showEnvVarsInLog = 0;
		};
		92989CFB587B4F23A53CF81A /* [CP] Check Pods Manifest.lock */ = {
			isa = PBXShellScriptBuildPhase;
			buildActionMask = 2147483647;
			files = (
			);
			inputFileListPaths = (
			);
			inputPaths = (
				"${PODS_PODFILE_DIR_PATH}/Podfile.lock",
				"${PODS_ROOT}/Manifest.lock",
			);
			name = "[CP] Check Pods Manifest.lock";
			outputFileListPaths = (
			);
			outputPaths = (
				"$(DERIVED_FILE_DIR)/Pods-Sales OrderUITests-checkManifestLockResult.txt",
			);
			runOnlyForDeploymentPostprocessing = 0;
			shellPath = /bin/sh;
			shellScript = "diff \"${PODS_PODFILE_DIR_PATH}/Podfile.lock\" \"${PODS_ROOT}/Manifest.lock\" > /dev/null\nif [ $? != 0 ] ; then\n    # print error to STDERR\n    echo \"error: The sandbox is not in sync with the Podfile.lock. Run 'pod install' or update your CocoaPods installation.\" >&2\n    exit 1\nfi\n# This output is used by Xcode 'outputs' to avoid re-running this script phase.\necho \"SUCCESS\" > \"${SCRIPT_OUTPUT_FILE_0}\"\n";
			showEnvVarsInLog = 0;
		};
		CBE16A47D75B52A3F0921B94 /* [CP] Copy Pods Resources */ = {
			isa = PBXShellScriptBuildPhase;
			buildActionMask = 2147483647;
			files = (
			);
			inputFileListPaths = (
				"${PODS_ROOT}/Target Support Files/Pods-Sales Order/Pods-Sales Order-resources-${CONFIGURATION}-input-files.xcfilelist",
			);
			name = "[CP] Copy Pods Resources";
			outputFileListPaths = (
				"${PODS_ROOT}/Target Support Files/Pods-Sales Order/Pods-Sales Order-resources-${CONFIGURATION}-output-files.xcfilelist",
			);
			runOnlyForDeploymentPostprocessing = 0;
			shellPath = /bin/sh;
			shellScript = "\"${PODS_ROOT}/Target Support Files/Pods-Sales Order/Pods-Sales Order-resources.sh\"\n";
			showEnvVarsInLog = 0;
		};
		D3C04CB5DF5FEF3CA2D96414 /* [CP] Check Pods Manifest.lock */ = {
			isa = PBXShellScriptBuildPhase;
			buildActionMask = 2147483647;
			files = (
			);
			inputFileListPaths = (
			);
			inputPaths = (
				"${PODS_PODFILE_DIR_PATH}/Podfile.lock",
				"${PODS_ROOT}/Manifest.lock",
			);
			name = "[CP] Check Pods Manifest.lock";
			outputFileListPaths = (
			);
			outputPaths = (
				"$(DERIVED_FILE_DIR)/Pods-Sales OrderTests-checkManifestLockResult.txt",
			);
			runOnlyForDeploymentPostprocessing = 0;
			shellPath = /bin/sh;
			shellScript = "diff \"${PODS_PODFILE_DIR_PATH}/Podfile.lock\" \"${PODS_ROOT}/Manifest.lock\" > /dev/null\nif [ $? != 0 ] ; then\n    # print error to STDERR\n    echo \"error: The sandbox is not in sync with the Podfile.lock. Run 'pod install' or update your CocoaPods installation.\" >&2\n    exit 1\nfi\n# This output is used by Xcode 'outputs' to avoid re-running this script phase.\necho \"SUCCESS\" > \"${SCRIPT_OUTPUT_FILE_0}\"\n";
			showEnvVarsInLog = 0;
		};
/* End PBXShellScriptBuildPhase section */

/* Begin PBXSourcesBuildPhase section */
		38EEBC532A7A255F00AEF032 /* Sources */ = {
			isa = PBXSourcesBuildPhase;
			buildActionMask = 2147483647;
			files = (
				38AA42E02AA6EC8C00B8AA10 /* MyOrdersScreen.swift in Sources */,
				3894EFB82AAAF7A30037EA45 /* Complaint_and_Feedback_Screen.swift in Sources */,
				38EEBC5D2A7A255F00AEF032 /* ContentView.swift in Sources */,
				38AA42E32AA706AF00B8AA10 /* MyOrdersDetails.swift in Sources */,
				3801AE1B2A8A52070069B136 /* LottieUIURL.swift in Sources */,
				38CFA27B2A7CDEFB00FE5F51 /* HomePage.swift in Sources */,
				384CB7042A99FABA009439E5 /* DeviceLocationService.swift in Sources */,
				386AB3162AB1D3EA00FF49D2 /* My Profile.swift in Sources */,
				3801AE282A8E17C80069B136 /* APIClient.swift in Sources */,
				380540332B6E0B4F00F9AAE3 /* NetworkMonitor.swift in Sources */,
				384CB7012A98B5B1009439E5 /* Loctionfile.swift in Sources */,
				386AB3182AB1D49B00FF49D2 /* Feedback.swift in Sources */,
				38CADF362A810D9700842DC9 /* Order.swift in Sources */,
				38A659CD2AA98E390020E543 /* Jiomoney.swift in Sources */,
				38CFA27F2A7CFA4F00FE5F51 /* OTPVerify.swift in Sources */,
				384CB6FF2A98B20A009439E5 /* LocationService.swift in Sources */,
				38EEBC5B2A7A255F00AEF032 /* Sales_OrderApp.swift in Sources */,
				3844996E2B76281F00FAF676 /* loader.swift in Sources */,
				3894EFB42AA9D3ED0037EA45 /* ColorFile.swift in Sources */,
				389AA9072B7CB86000060DA9 /* UserSetup.swift in Sources */,
				38AAC4D92AEFC49700D469DF /* S3.swift in Sources */,
				38595AE72A8A3DFB005EB704 /* LottieUIView.swift in Sources */,
				3F66AB2F2CAEB144003CEF69 /* in-app updates.swift in Sources */,
				387E0E852A85F7A600FEACBA /* Showtoast.swift in Sources */,
				38BBF9CD2B79F4DC0064F937 /* CalendarView.swift in Sources */,
				38C5A9822B95E70700EF4584 /* MasterSync.swift in Sources */,
				384CB6F52A9608D4009439E5 /* VisitData.swift in Sources */,
				38DC8F562AD7D23200EFD572 /* GlobalFunc.swift in Sources */,
				3894EFB62AA9D4D40037EA45 /* PaymentScreen.swift in Sources */,
				38465CA22AAF2A9D009BD4F1 /* PrinterFile.swift in Sources */,
				383800472AB9A50F0058F546 /* Firebase Cloud Messaging.swift in Sources */,
			);
			runOnlyForDeploymentPostprocessing = 0;
		};
		38EEBC632A7A256000AEF032 /* Sources */ = {
			isa = PBXSourcesBuildPhase;
			buildActionMask = 2147483647;
			files = (
				38EEBC6C2A7A256000AEF032 /* Sales_OrderTests.swift in Sources */,
			);
			runOnlyForDeploymentPostprocessing = 0;
		};
		38EEBC6D2A7A256000AEF032 /* Sources */ = {
			isa = PBXSourcesBuildPhase;
			buildActionMask = 2147483647;
			files = (
				38EEBC782A7A256000AEF032 /* Sales_OrderUITestsLaunchTests.swift in Sources */,
				38EEBC762A7A256000AEF032 /* Sales_OrderUITests.swift in Sources */,
			);
			runOnlyForDeploymentPostprocessing = 0;
		};
/* End PBXSourcesBuildPhase section */

/* Begin PBXTargetDependency section */
		38EEBC692A7A256000AEF032 /* PBXTargetDependency */ = {
			isa = PBXTargetDependency;
			target = 38EEBC562A7A255F00AEF032 /* Sales Order */;
			targetProxy = 38EEBC682A7A256000AEF032 /* PBXContainerItemProxy */;
		};
		38EEBC732A7A256000AEF032 /* PBXTargetDependency */ = {
			isa = PBXTargetDependency;
			target = 38EEBC562A7A255F00AEF032 /* Sales Order */;
			targetProxy = 38EEBC722A7A256000AEF032 /* PBXContainerItemProxy */;
		};
/* End PBXTargetDependency section */

/* Begin XCBuildConfiguration section */
		38EEBC792A7A256000AEF032 /* Debug */ = {
			isa = XCBuildConfiguration;
			buildSettings = {
				ALWAYS_SEARCH_USER_PATHS = NO;
				CLANG_ANALYZER_NONNULL = YES;
				CLANG_ANALYZER_NUMBER_OBJECT_CONVERSION = YES_AGGRESSIVE;
				CLANG_CXX_LANGUAGE_STANDARD = "gnu++20";
				CLANG_ENABLE_MODULES = YES;
				CLANG_ENABLE_OBJC_ARC = YES;
				CLANG_ENABLE_OBJC_WEAK = YES;
				CLANG_WARN_BLOCK_CAPTURE_AUTORELEASING = YES;
				CLANG_WARN_BOOL_CONVERSION = YES;
				CLANG_WARN_COMMA = YES;
				CLANG_WARN_CONSTANT_CONVERSION = YES;
				CLANG_WARN_DEPRECATED_OBJC_IMPLEMENTATIONS = YES;
				CLANG_WARN_DIRECT_OBJC_ISA_USAGE = YES_ERROR;
				CLANG_WARN_DOCUMENTATION_COMMENTS = YES;
				CLANG_WARN_EMPTY_BODY = YES;
				CLANG_WARN_ENUM_CONVERSION = YES;
				CLANG_WARN_INFINITE_RECURSION = YES;
				CLANG_WARN_INT_CONVERSION = YES;
				CLANG_WARN_NON_LITERAL_NULL_CONVERSION = YES;
				CLANG_WARN_OBJC_IMPLICIT_RETAIN_SELF = YES;
				CLANG_WARN_OBJC_LITERAL_CONVERSION = YES;
				CLANG_WARN_OBJC_ROOT_CLASS = YES_ERROR;
				CLANG_WARN_QUOTED_INCLUDE_IN_FRAMEWORK_HEADER = YES;
				CLANG_WARN_RANGE_LOOP_ANALYSIS = YES;
				CLANG_WARN_STRICT_PROTOTYPES = YES;
				CLANG_WARN_SUSPICIOUS_MOVE = YES;
				CLANG_WARN_UNGUARDED_AVAILABILITY = YES_AGGRESSIVE;
				CLANG_WARN_UNREACHABLE_CODE = YES;
				CLANG_WARN__DUPLICATE_METHOD_MATCH = YES;
				COPY_PHASE_STRIP = NO;
				DEAD_CODE_STRIPPING = YES;
				DEBUG_INFORMATION_FORMAT = dwarf;
				ENABLE_STRICT_OBJC_MSGSEND = YES;
				ENABLE_TESTABILITY = YES;
				GCC_C_LANGUAGE_STANDARD = gnu11;
				GCC_DYNAMIC_NO_PIC = NO;
				GCC_NO_COMMON_BLOCKS = YES;
				GCC_OPTIMIZATION_LEVEL = 0;
				GCC_PREPROCESSOR_DEFINITIONS = (
					"DEBUG=1",
					"$(inherited)",
				);
				GCC_WARN_64_TO_32_BIT_CONVERSION = YES;
				GCC_WARN_ABOUT_RETURN_TYPE = YES_ERROR;
				GCC_WARN_UNDECLARED_SELECTOR = YES;
				GCC_WARN_UNINITIALIZED_AUTOS = YES_AGGRESSIVE;
				GCC_WARN_UNUSED_FUNCTION = YES;
				GCC_WARN_UNUSED_VARIABLE = YES;
				IPHONEOS_DEPLOYMENT_TARGET = 16.2;
				MTL_ENABLE_DEBUG_INFO = INCLUDE_SOURCE;
				MTL_FAST_MATH = YES;
				ONLY_ACTIVE_ARCH = YES;
				SDKROOT = iphoneos;
				SWIFT_ACTIVE_COMPILATION_CONDITIONS = DEBUG;
				SWIFT_OPTIMIZATION_LEVEL = "-Onone";
			};
			name = Debug;
		};
		38EEBC7A2A7A256000AEF032 /* Release */ = {
			isa = XCBuildConfiguration;
			buildSettings = {
				ALWAYS_SEARCH_USER_PATHS = NO;
				CLANG_ANALYZER_NONNULL = YES;
				CLANG_ANALYZER_NUMBER_OBJECT_CONVERSION = YES_AGGRESSIVE;
				CLANG_CXX_LANGUAGE_STANDARD = "gnu++20";
				CLANG_ENABLE_MODULES = YES;
				CLANG_ENABLE_OBJC_ARC = YES;
				CLANG_ENABLE_OBJC_WEAK = YES;
				CLANG_WARN_BLOCK_CAPTURE_AUTORELEASING = YES;
				CLANG_WARN_BOOL_CONVERSION = YES;
				CLANG_WARN_COMMA = YES;
				CLANG_WARN_CONSTANT_CONVERSION = YES;
				CLANG_WARN_DEPRECATED_OBJC_IMPLEMENTATIONS = YES;
				CLANG_WARN_DIRECT_OBJC_ISA_USAGE = YES_ERROR;
				CLANG_WARN_DOCUMENTATION_COMMENTS = YES;
				CLANG_WARN_EMPTY_BODY = YES;
				CLANG_WARN_ENUM_CONVERSION = YES;
				CLANG_WARN_INFINITE_RECURSION = YES;
				CLANG_WARN_INT_CONVERSION = YES;
				CLANG_WARN_NON_LITERAL_NULL_CONVERSION = YES;
				CLANG_WARN_OBJC_IMPLICIT_RETAIN_SELF = YES;
				CLANG_WARN_OBJC_LITERAL_CONVERSION = YES;
				CLANG_WARN_OBJC_ROOT_CLASS = YES_ERROR;
				CLANG_WARN_QUOTED_INCLUDE_IN_FRAMEWORK_HEADER = YES;
				CLANG_WARN_RANGE_LOOP_ANALYSIS = YES;
				CLANG_WARN_STRICT_PROTOTYPES = YES;
				CLANG_WARN_SUSPICIOUS_MOVE = YES;
				CLANG_WARN_UNGUARDED_AVAILABILITY = YES_AGGRESSIVE;
				CLANG_WARN_UNREACHABLE_CODE = YES;
				CLANG_WARN__DUPLICATE_METHOD_MATCH = YES;
				COPY_PHASE_STRIP = NO;
				DEAD_CODE_STRIPPING = YES;
				DEBUG_INFORMATION_FORMAT = "dwarf-with-dsym";
				ENABLE_NS_ASSERTIONS = NO;
				ENABLE_STRICT_OBJC_MSGSEND = YES;
				GCC_C_LANGUAGE_STANDARD = gnu11;
				GCC_NO_COMMON_BLOCKS = YES;
				GCC_WARN_64_TO_32_BIT_CONVERSION = YES;
				GCC_WARN_ABOUT_RETURN_TYPE = YES_ERROR;
				GCC_WARN_UNDECLARED_SELECTOR = YES;
				GCC_WARN_UNINITIALIZED_AUTOS = YES_AGGRESSIVE;
				GCC_WARN_UNUSED_FUNCTION = YES;
				GCC_WARN_UNUSED_VARIABLE = YES;
				IPHONEOS_DEPLOYMENT_TARGET = 16.2;
				MTL_ENABLE_DEBUG_INFO = NO;
				MTL_FAST_MATH = YES;
				SDKROOT = iphoneos;
				SWIFT_COMPILATION_MODE = wholemodule;
				SWIFT_OPTIMIZATION_LEVEL = "-O";
				VALIDATE_PRODUCT = YES;
			};
			name = Release;
		};
		38EEBC7C2A7A256000AEF032 /* Debug */ = {
			isa = XCBuildConfiguration;
			baseConfigurationReference = 042E340FFEA5A0148593BA9A /* Pods-Sales Order.debug.xcconfig */;
			buildSettings = {
				ASSETCATALOG_COMPILER_APPICON_NAME = AppIcon;
				ASSETCATALOG_COMPILER_GLOBAL_ACCENT_COLOR_NAME = AccentColor;
				ASSETCATALOG_COMPILER_INCLUDE_ALL_APPICON_ASSETS = NO;
				CODE_SIGN_IDENTITY = "Apple Development";
				CODE_SIGN_STYLE = Automatic;
				CURRENT_PROJECT_VERSION = 1;
				DEAD_CODE_STRIPPING = NO;
				DEVELOPMENT_ASSET_PATHS = "\"Sales Order/Preview Content\"";
				DEVELOPMENT_TEAM = N89SJ534H4;
				ENABLE_PREVIEWS = YES;
				GENERATE_INFOPLIST_FILE = YES;
				INFOPLIST_FILE = "Sales-Order-Info.plist";
				INFOPLIST_KEY_CFBundleDisplayName = ReliVet;
				INFOPLIST_KEY_LSApplicationCategoryType = "public.app-category.medical";
				INFOPLIST_KEY_NSHumanReadableCopyright = "";
				INFOPLIST_KEY_NSLocationAlwaysAndWhenInUseUsageDescription = "ReliVet App Need Use Your Location For Adding Your Shipping Address";
				INFOPLIST_KEY_NSLocationUsageDescription = "ReliVet App Need Use Your Location For Adding Your Shipping Address";
				INFOPLIST_KEY_NSLocationWhenInUseUsageDescription = "ReliVet App Need Use Your Location For Adding Your Shipping Address";
				INFOPLIST_KEY_UIApplicationSceneManifest_Generation = YES;
				INFOPLIST_KEY_UIApplicationSupportsIndirectInputEvents = YES;
				INFOPLIST_KEY_UILaunchScreen_Generation = YES;
				INFOPLIST_KEY_UILaunchStoryboardName = "Launch Screen.storyboard";
				INFOPLIST_KEY_UIRequiresFullScreen = YES;
				INFOPLIST_KEY_UISupportedInterfaceOrientations = UIInterfaceOrientationPortrait;
				INFOPLIST_KEY_UISupportedInterfaceOrientations_iPad = "UIInterfaceOrientationLandscapeLeft UIInterfaceOrientationLandscapeRight UIInterfaceOrientationPortrait UIInterfaceOrientationPortraitUpsideDown";
				IPHONEOS_DEPLOYMENT_TARGET = 14.0;
				LD_RUNPATH_SEARCH_PATHS = (
					"$(inherited)",
					"@executable_path/Frameworks",
				);
				MARKETING_VERSION = 1.1;
				PRODUCT_BUNDLE_IDENTIFIER = com.relbio.relivet;
				PRODUCT_NAME = "$(TARGET_NAME)";
				PROVISIONING_PROFILE_SPECIFIER = "";
				SUPPORTED_PLATFORMS = "iphoneos iphonesimulator";
				SUPPORTS_MACCATALYST = NO;
				SUPPORTS_MAC_DESIGNED_FOR_IPHONE_IPAD = NO;
				SWIFT_EMIT_LOC_STRINGS = YES;
				SWIFT_VERSION = 5.0;
				TARGETED_DEVICE_FAMILY = 1;
			};
			name = Debug;
		};
		38EEBC7D2A7A256000AEF032 /* Release */ = {
			isa = XCBuildConfiguration;
			baseConfigurationReference = 508DE0D650109324E0271AE2 /* Pods-Sales Order.release.xcconfig */;
			buildSettings = {
				ASSETCATALOG_COMPILER_APPICON_NAME = AppIcon;
				ASSETCATALOG_COMPILER_GLOBAL_ACCENT_COLOR_NAME = AccentColor;
				ASSETCATALOG_COMPILER_INCLUDE_ALL_APPICON_ASSETS = NO;
				CODE_SIGN_IDENTITY = "Apple Development";
				CODE_SIGN_STYLE = Automatic;
				CURRENT_PROJECT_VERSION = 1;
				DEAD_CODE_STRIPPING = NO;
				DEVELOPMENT_ASSET_PATHS = "\"Sales Order/Preview Content\"";
				DEVELOPMENT_TEAM = N89SJ534H4;
				ENABLE_PREVIEWS = YES;
				GENERATE_INFOPLIST_FILE = YES;
				INFOPLIST_FILE = "Sales-Order-Info.plist";
				INFOPLIST_KEY_CFBundleDisplayName = ReliVet;
				INFOPLIST_KEY_LSApplicationCategoryType = "public.app-category.medical";
				INFOPLIST_KEY_NSHumanReadableCopyright = "";
				INFOPLIST_KEY_NSLocationAlwaysAndWhenInUseUsageDescription = "ReliVet App Need Use Your Location For Adding Your Shipping Address";
				INFOPLIST_KEY_NSLocationUsageDescription = "ReliVet App Need Use Your Location For Adding Your Shipping Address";
				INFOPLIST_KEY_NSLocationWhenInUseUsageDescription = "ReliVet App Need Use Your Location For Adding Your Shipping Address";
				INFOPLIST_KEY_UIApplicationSceneManifest_Generation = YES;
				INFOPLIST_KEY_UIApplicationSupportsIndirectInputEvents = YES;
				INFOPLIST_KEY_UILaunchScreen_Generation = YES;
				INFOPLIST_KEY_UILaunchStoryboardName = "Launch Screen.storyboard";
				INFOPLIST_KEY_UIRequiresFullScreen = YES;
				INFOPLIST_KEY_UISupportedInterfaceOrientations = UIInterfaceOrientationPortrait;
				INFOPLIST_KEY_UISupportedInterfaceOrientations_iPad = "UIInterfaceOrientationLandscapeLeft UIInterfaceOrientationLandscapeRight UIInterfaceOrientationPortrait UIInterfaceOrientationPortraitUpsideDown";
				IPHONEOS_DEPLOYMENT_TARGET = 14.0;
				LD_RUNPATH_SEARCH_PATHS = (
					"$(inherited)",
					"@executable_path/Frameworks",
				);
				MARKETING_VERSION = 1.1;
				PRODUCT_BUNDLE_IDENTIFIER = com.relbio.relivet;
				PRODUCT_NAME = "$(TARGET_NAME)";
				PROVISIONING_PROFILE_SPECIFIER = "";
				SUPPORTED_PLATFORMS = "iphoneos iphonesimulator";
				SUPPORTS_MACCATALYST = NO;
				SUPPORTS_MAC_DESIGNED_FOR_IPHONE_IPAD = NO;
				SWIFT_EMIT_LOC_STRINGS = YES;
				SWIFT_VERSION = 5.0;
				TARGETED_DEVICE_FAMILY = 1;
			};
			name = Release;
		};
		38EEBC7F2A7A256000AEF032 /* Debug */ = {
			isa = XCBuildConfiguration;
			baseConfigurationReference = A8870ADAAC2AE985DA866047 /* Pods-Sales OrderTests.debug.xcconfig */;
			buildSettings = {
				ALWAYS_EMBED_SWIFT_STANDARD_LIBRARIES = YES;
				BUNDLE_LOADER = "$(TEST_HOST)";
				CODE_SIGN_STYLE = Automatic;
				CURRENT_PROJECT_VERSION = 1;
				DEVELOPMENT_TEAM = N89SJ534H4;
				GENERATE_INFOPLIST_FILE = YES;
				IPHONEOS_DEPLOYMENT_TARGET = 14.0;
				MARKETING_VERSION = 1.0;
				PRODUCT_BUNDLE_IDENTIFIER = "com.saneforce.Sales-OrderTests";
				PRODUCT_NAME = "$(TARGET_NAME)";
				SWIFT_EMIT_LOC_STRINGS = NO;
				SWIFT_VERSION = 5.0;
				TARGETED_DEVICE_FAMILY = "1,2";
				TEST_HOST = "$(BUILT_PRODUCTS_DIR)/Sales Order.app/$(BUNDLE_EXECUTABLE_FOLDER_PATH)/Sales Order";
			};
			name = Debug;
		};
		38EEBC802A7A256000AEF032 /* Release */ = {
			isa = XCBuildConfiguration;
			baseConfigurationReference = F290E58552D1B36F11B1A801 /* Pods-Sales OrderTests.release.xcconfig */;
			buildSettings = {
				ALWAYS_EMBED_SWIFT_STANDARD_LIBRARIES = YES;
				BUNDLE_LOADER = "$(TEST_HOST)";
				CODE_SIGN_STYLE = Automatic;
				CURRENT_PROJECT_VERSION = 1;
				DEVELOPMENT_TEAM = N89SJ534H4;
				GENERATE_INFOPLIST_FILE = YES;
				IPHONEOS_DEPLOYMENT_TARGET = 14.0;
				MARKETING_VERSION = 1.0;
				PRODUCT_BUNDLE_IDENTIFIER = "com.saneforce.Sales-OrderTests";
				PRODUCT_NAME = "$(TARGET_NAME)";
				SWIFT_EMIT_LOC_STRINGS = NO;
				SWIFT_VERSION = 5.0;
				TARGETED_DEVICE_FAMILY = "1,2";
				TEST_HOST = "$(BUILT_PRODUCTS_DIR)/Sales Order.app/$(BUNDLE_EXECUTABLE_FOLDER_PATH)/Sales Order";
			};
			name = Release;
		};
		38EEBC822A7A256000AEF032 /* Debug */ = {
			isa = XCBuildConfiguration;
			baseConfigurationReference = 0B005EB0D9C5857691C5B1DE /* Pods-Sales OrderUITests.debug.xcconfig */;
			buildSettings = {
				ALWAYS_EMBED_SWIFT_STANDARD_LIBRARIES = YES;
				CODE_SIGN_STYLE = Automatic;
				CURRENT_PROJECT_VERSION = 1;
				DEVELOPMENT_TEAM = N89SJ534H4;
				GENERATE_INFOPLIST_FILE = YES;
				IPHONEOS_DEPLOYMENT_TARGET = 14.0;
				MARKETING_VERSION = 1.0;
				PRODUCT_BUNDLE_IDENTIFIER = "com.saneforce.Sales-OrderUITests";
				PRODUCT_NAME = "$(TARGET_NAME)";
				SWIFT_EMIT_LOC_STRINGS = NO;
				SWIFT_VERSION = 5.0;
				TARGETED_DEVICE_FAMILY = "1,2";
				TEST_TARGET_NAME = "Sales Order";
			};
			name = Debug;
		};
		38EEBC832A7A256000AEF032 /* Release */ = {
			isa = XCBuildConfiguration;
			baseConfigurationReference = D5F77EA1EA074D85D162126C /* Pods-Sales OrderUITests.release.xcconfig */;
			buildSettings = {
				ALWAYS_EMBED_SWIFT_STANDARD_LIBRARIES = YES;
				CODE_SIGN_STYLE = Automatic;
				CURRENT_PROJECT_VERSION = 1;
				DEVELOPMENT_TEAM = N89SJ534H4;
				GENERATE_INFOPLIST_FILE = YES;
				IPHONEOS_DEPLOYMENT_TARGET = 14.0;
				MARKETING_VERSION = 1.0;
				PRODUCT_BUNDLE_IDENTIFIER = "com.saneforce.Sales-OrderUITests";
				PRODUCT_NAME = "$(TARGET_NAME)";
				SWIFT_EMIT_LOC_STRINGS = NO;
				SWIFT_VERSION = 5.0;
				TARGETED_DEVICE_FAMILY = "1,2";
				TEST_TARGET_NAME = "Sales Order";
			};
			name = Release;
		};
/* End XCBuildConfiguration section */

/* Begin XCConfigurationList section */
		38EEBC522A7A255F00AEF032 /* Build configuration list for PBXProject "Sales Order" */ = {
			isa = XCConfigurationList;
			buildConfigurations = (
				38EEBC792A7A256000AEF032 /* Debug */,
				38EEBC7A2A7A256000AEF032 /* Release */,
			);
			defaultConfigurationIsVisible = 0;
			defaultConfigurationName = Release;
		};
		38EEBC7B2A7A256000AEF032 /* Build configuration list for PBXNativeTarget "Sales Order" */ = {
			isa = XCConfigurationList;
			buildConfigurations = (
				38EEBC7C2A7A256000AEF032 /* Debug */,
				38EEBC7D2A7A256000AEF032 /* Release */,
			);
			defaultConfigurationIsVisible = 0;
			defaultConfigurationName = Release;
		};
		38EEBC7E2A7A256000AEF032 /* Build configuration list for PBXNativeTarget "Sales OrderTests" */ = {
			isa = XCConfigurationList;
			buildConfigurations = (
				38EEBC7F2A7A256000AEF032 /* Debug */,
				38EEBC802A7A256000AEF032 /* Release */,
			);
			defaultConfigurationIsVisible = 0;
			defaultConfigurationName = Release;
		};
		38EEBC812A7A256000AEF032 /* Build configuration list for PBXNativeTarget "Sales OrderUITests" */ = {
			isa = XCConfigurationList;
			buildConfigurations = (
				38EEBC822A7A256000AEF032 /* Debug */,
				38EEBC832A7A256000AEF032 /* Release */,
			);
			defaultConfigurationIsVisible = 0;
			defaultConfigurationName = Release;
		};
/* End XCConfigurationList section */

/* Begin XCRemoteSwiftPackageReference section */
		3860A79B2B0334E20067B583 /* XCRemoteSwiftPackageReference "url-image" */ = {
			isa = XCRemoteSwiftPackageReference;
			repositoryURL = "https://github.com/dmytro-anokhin/url-image";
			requirement = {
				kind = upToNextMajorVersion;
				minimumVersion = 0.9.0;
			};
		};
		387E0E792A84F7C000FEACBA /* XCRemoteSwiftPackageReference "Alamofire" */ = {
			isa = XCRemoteSwiftPackageReference;
			repositoryURL = "https://github.com/Alamofire/Alamofire.git";
			requirement = {
				kind = upToNextMajorVersion;
				minimumVersion = 5.0.0;
			};
		};
		387E0E7C2A85F5CF00FEACBA /* XCRemoteSwiftPackageReference "SimpleToast" */ = {
			isa = XCRemoteSwiftPackageReference;
			repositoryURL = "https://github.com/sanzaru/SimpleToast.git";
			requirement = {
				kind = upToNextMajorVersion;
				minimumVersion = 0.7.2;
			};
		};
		38A3AEC82A8A1EFF00A4C826 /* XCRemoteSwiftPackageReference "lottie-ios" */ = {
			isa = XCRemoteSwiftPackageReference;
			repositoryURL = "https://github.com/airbnb/lottie-ios.git";
			requirement = {
				kind = upToNextMajorVersion;
				minimumVersion = 3.1.6;
			};
		};
/* End XCRemoteSwiftPackageReference section */

/* Begin XCSwiftPackageProductDependency section */
		3860A79C2B0334E20067B583 /* URLImage */ = {
			isa = XCSwiftPackageProductDependency;
			package = 3860A79B2B0334E20067B583 /* XCRemoteSwiftPackageReference "url-image" */;
			productName = URLImage;
		};
		387E0E7A2A84F7C000FEACBA /* Alamofire */ = {
			isa = XCSwiftPackageProductDependency;
			package = 387E0E792A84F7C000FEACBA /* XCRemoteSwiftPackageReference "Alamofire" */;
			productName = Alamofire;
		};
		387E0E7D2A85F5CF00FEACBA /* SimpleToast */ = {
			isa = XCSwiftPackageProductDependency;
			package = 387E0E7C2A85F5CF00FEACBA /* XCRemoteSwiftPackageReference "SimpleToast" */;
			productName = SimpleToast;
		};
		38A3AEC92A8A1EFF00A4C826 /* Lottie */ = {
			isa = XCSwiftPackageProductDependency;
			package = 38A3AEC82A8A1EFF00A4C826 /* XCRemoteSwiftPackageReference "lottie-ios" */;
			productName = Lottie;
		};
/* End XCSwiftPackageProductDependency section */
	};
	rootObject = 38EEBC4F2A7A255F00AEF032 /* Project object */;
}
